// !$*UTF8*$!
{
	archiveVersion = 1;
	classes = {
	};
	objectVersion = 46;
	objects = {

/* Begin PBXBuildFile section */
		C71797C9198614200049D44C /* AppDelegate.swift in Sources */ = {isa = PBXBuildFile; fileRef = C71797C8198614200049D44C /* AppDelegate.swift */; };
		C71797CE198614200049D44C /* Main.storyboard in Resources */ = {isa = PBXBuildFile; fileRef = C71797CC198614200049D44C /* Main.storyboard */; };
		C71797D0198614200049D44C /* Images.xcassets in Resources */ = {isa = PBXBuildFile; fileRef = C71797CF198614200049D44C /* Images.xcassets */; };
		C71797DC198614200049D44C /* KivaBrowserTests.swift in Sources */ = {isa = PBXBuildFile; fileRef = C71797DB198614200049D44C /* KivaBrowserTests.swift */; };
		C744B5AC1A1097AF002C0375 /* Images-2.xcassets in Resources */ = {isa = PBXBuildFile; fileRef = C744B5AB1A1097AF002C0375 /* Images-2.xcassets */; };
		C744B5AE1A1099D2002C0375 /* KivaBrowser_LSF.xib in Resources */ = {isa = PBXBuildFile; fileRef = C744B5AD1A1099D2002C0375 /* KivaBrowser_LSF.xib */; };
		C7F9C7A91B054F8900FA6D75 /* LenderCell.swift in Sources */ = {isa = PBXBuildFile; fileRef = C7F9C7A51B054F8900FA6D75 /* LenderCell.swift */; };
		C7F9C7AA1B054F8900FA6D75 /* LendingActionCell.swift in Sources */ = {isa = PBXBuildFile; fileRef = C7F9C7A61B054F8900FA6D75 /* LendingActionCell.swift */; };
		C7F9C7AB1B054F8900FA6D75 /* LoanCell.swift in Sources */ = {isa = PBXBuildFile; fileRef = C7F9C7A71B054F8900FA6D75 /* LoanCell.swift */; };
		C7F9C7AC1B054F8900FA6D75 /* TeamCell.swift in Sources */ = {isa = PBXBuildFile; fileRef = C7F9C7A81B054F8900FA6D75 /* TeamCell.swift */; };
		C7F9C7BC1B054F9E00FA6D75 /* AboutKivaBrowser.swift in Sources */ = {isa = PBXBuildFile; fileRef = C7F9C7AD1B054F9E00FA6D75 /* AboutKivaBrowser.swift */; };
		C7F9C7BD1B054F9E00FA6D75 /* BrowseTeamBy_TVC.swift in Sources */ = {isa = PBXBuildFile; fileRef = C7F9C7AE1B054F9E00FA6D75 /* BrowseTeamBy_TVC.swift */; };
		C7F9C7BE1B054F9E00FA6D75 /* CriteriaPicker.swift in Sources */ = {isa = PBXBuildFile; fileRef = C7F9C7AF1B054F9E00FA6D75 /* CriteriaPicker.swift */; };
		C7F9C7BF1B054F9E00FA6D75 /* DetailedLender_VC.swift in Sources */ = {isa = PBXBuildFile; fileRef = C7F9C7B01B054F9E00FA6D75 /* DetailedLender_VC.swift */; };
		C7F9C7C01B054F9E00FA6D75 /* DetailedLoanVC.swift in Sources */ = {isa = PBXBuildFile; fileRef = C7F9C7B11B054F9E00FA6D75 /* DetailedLoanVC.swift */; };
		C7F9C7C11B054F9E00FA6D75 /* DetailedTeam_VC.swift in Sources */ = {isa = PBXBuildFile; fileRef = C7F9C7B21B054F9E00FA6D75 /* DetailedTeam_VC.swift */; };
		C7F9C7C21B054F9E00FA6D75 /* DetailLendingAction_VC.swift in Sources */ = {isa = PBXBuildFile; fileRef = C7F9C7B31B054F9E00FA6D75 /* DetailLendingAction_VC.swift */; };
		C7F9C7C31B054F9E00FA6D75 /* LatestLoans_TVC.swift in Sources */ = {isa = PBXBuildFile; fileRef = C7F9C7B41B054F9E00FA6D75 /* LatestLoans_TVC.swift */; };
		C7F9C7C41B054F9E00FA6D75 /* Lenders_TVC.swift in Sources */ = {isa = PBXBuildFile; fileRef = C7F9C7B51B054F9E00FA6D75 /* Lenders_TVC.swift */; };
		C7F9C7C51B054F9E00FA6D75 /* LendingAction_TVC.swift in Sources */ = {isa = PBXBuildFile; fileRef = C7F9C7B61B054F9E00FA6D75 /* LendingAction_TVC.swift */; };
		C7F9C7C61B054F9E00FA6D75 /* Loans_TVC.swift in Sources */ = {isa = PBXBuildFile; fileRef = C7F9C7B71B054F9E00FA6D75 /* Loans_TVC.swift */; };
		C7F9C7C71B054F9E00FA6D75 /* Search_TVC.swift in Sources */ = {isa = PBXBuildFile; fileRef = C7F9C7B81B054F9E00FA6D75 /* Search_TVC.swift */; };
		C7F9C7C81B054F9E00FA6D75 /* SearchResults_TVC.swift in Sources */ = {isa = PBXBuildFile; fileRef = C7F9C7B91B054F9E00FA6D75 /* SearchResults_TVC.swift */; };
		C7F9C7C91B054F9E00FA6D75 /* Teams_TVC.swift in Sources */ = {isa = PBXBuildFile; fileRef = C7F9C7BA1B054F9E00FA6D75 /* Teams_TVC.swift */; };
		C7F9C7CA1B054F9E00FA6D75 /* TeamWebView.swift in Sources */ = {isa = PBXBuildFile; fileRef = C7F9C7BB1B054F9E00FA6D75 /* TeamWebView.swift */; };
		C7F9C7CF1B054FB000FA6D75 /* About.png in Resources */ = {isa = PBXBuildFile; fileRef = C7F9C7CB1B054FB000FA6D75 /* About.png */; };
		C7F9C7D01B054FB000FA6D75 /* Lenders.png in Resources */ = {isa = PBXBuildFile; fileRef = C7F9C7CC1B054FB000FA6D75 /* Lenders.png */; };
		C7F9C7D11B054FB000FA6D75 /* Loans.png in Resources */ = {isa = PBXBuildFile; fileRef = C7F9C7CD1B054FB000FA6D75 /* Loans.png */; };
		C7F9C7D21B054FB000FA6D75 /* Teams.png in Resources */ = {isa = PBXBuildFile; fileRef = C7F9C7CE1B054FB000FA6D75 /* Teams.png */; };
		C7F9C7F81B05508900FA6D75 /* JsonDataFetcher.swift in Sources */ = {isa = PBXBuildFile; fileRef = C7F9C7F71B05508900FA6D75 /* JsonDataFetcher.swift */; };
		C7F9C7FC1B05509F00FA6D75 /* JsonDataFetcherDelegate.swift in Sources */ = {isa = PBXBuildFile; fileRef = C7F9C7F91B05509F00FA6D75 /* JsonDataFetcherDelegate.swift */; };
		C7F9C7FD1B05509F00FA6D75 /* LoanManager.swift in Sources */ = {isa = PBXBuildFile; fileRef = C7F9C7FA1B05509F00FA6D75 /* LoanManager.swift */; };
		C7F9C7FE1B05509F00FA6D75 /* LoanManagerDelegate.swift in Sources */ = {isa = PBXBuildFile; fileRef = C7F9C7FB1B05509F00FA6D75 /* LoanManagerDelegate.swift */; };
		C7F9C8141B05512900FA6D75 /* CreateDetailedLoan.swift in Sources */ = {isa = PBXBuildFile; fileRef = C7F9C8021B05512900FA6D75 /* CreateDetailedLoan.swift */; };
		C7F9C8151B05512900FA6D75 /* CreateLender.swift in Sources */ = {isa = PBXBuildFile; fileRef = C7F9C8031B05512900FA6D75 /* CreateLender.swift */; };
		C7F9C8161B05512900FA6D75 /* CreateLendingAction.swift in Sources */ = {isa = PBXBuildFile; fileRef = C7F9C8041B05512900FA6D75 /* CreateLendingAction.swift */; };
		C7F9C8171B05512900FA6D75 /* CreateLoan.swift in Sources */ = {isa = PBXBuildFile; fileRef = C7F9C8051B05512900FA6D75 /* CreateLoan.swift */; };
		C7F9C8181B05512900FA6D75 /* CreateTeam.swift in Sources */ = {isa = PBXBuildFile; fileRef = C7F9C8061B05512900FA6D75 /* CreateTeam.swift */; };
		C7F9C8191B05512900FA6D75 /* DetailedLoan.swift in Sources */ = {isa = PBXBuildFile; fileRef = C7F9C8071B05512900FA6D75 /* DetailedLoan.swift */; };
		C7F9C81A1B05512900FA6D75 /* DetailedLoanImage.swift in Sources */ = {isa = PBXBuildFile; fileRef = C7F9C8081B05512900FA6D75 /* DetailedLoanImage.swift */; };
		C7F9C81B1B05512900FA6D75 /* ImageFormat.swift in Sources */ = {isa = PBXBuildFile; fileRef = C7F9C8091B05512900FA6D75 /* ImageFormat.swift */; };
		C7F9C81C1B05512900FA6D75 /* KivaImage.swift in Sources */ = {isa = PBXBuildFile; fileRef = C7F9C80A1B05512900FA6D75 /* KivaImage.swift */; };
		C7F9C81D1B05512900FA6D75 /* Lender.swift in Sources */ = {isa = PBXBuildFile; fileRef = C7F9C80B1B05512900FA6D75 /* Lender.swift */; };
		C7F9C81E1B05512900FA6D75 /* LenderImage.swift in Sources */ = {isa = PBXBuildFile; fileRef = C7F9C80C1B05512900FA6D75 /* LenderImage.swift */; };
		C7F9C81F1B05512900FA6D75 /* LendingAction.swift in Sources */ = {isa = PBXBuildFile; fileRef = C7F9C80D1B05512900FA6D75 /* LendingAction.swift */; };
		C7F9C8201B05512900FA6D75 /* Loan.swift in Sources */ = {isa = PBXBuildFile; fileRef = C7F9C80E1B05512900FA6D75 /* Loan.swift */; };
		C7F9C8211B05512900FA6D75 /* LoanImage.swift in Sources */ = {isa = PBXBuildFile; fileRef = C7F9C80F1B05512900FA6D75 /* LoanImage.swift */; };
		C7F9C8221B05512900FA6D75 /* Paginator.swift in Sources */ = {isa = PBXBuildFile; fileRef = C7F9C8101B05512900FA6D75 /* Paginator.swift */; };
		C7F9C8231B05512900FA6D75 /* Search.swift in Sources */ = {isa = PBXBuildFile; fileRef = C7F9C8111B05512900FA6D75 /* Search.swift */; };
		C7F9C8241B05512900FA6D75 /* Team.swift in Sources */ = {isa = PBXBuildFile; fileRef = C7F9C8121B05512900FA6D75 /* Team.swift */; };
		C7F9C8251B05512900FA6D75 /* TeamImage.swift in Sources */ = {isa = PBXBuildFile; fileRef = C7F9C8131B05512900FA6D75 /* TeamImage.swift */; };
		C7F9C82A1B066EF000FA6D75 /* LoanCell.xib in Resources */ = {isa = PBXBuildFile; fileRef = C7F9C8291B066EF000FA6D75 /* LoanCell.xib */; };
		C7F9C8341B06705700FA6D75 /* LendingActionCell.xib in Resources */ = {isa = PBXBuildFile; fileRef = C7F9C8331B06705700FA6D75 /* LendingActionCell.xib */; };
		C7F9C8361B06706F00FA6D75 /* TeamCell.xib in Resources */ = {isa = PBXBuildFile; fileRef = C7F9C8351B06706F00FA6D75 /* TeamCell.xib */; };
		C7F9C8391B06981500FA6D75 /* KivaFontsAndColors.swift in Sources */ = {isa = PBXBuildFile; fileRef = C7F9C8381B06981500FA6D75 /* KivaFontsAndColors.swift */; };
		C7F9C8401B06BCE700FA6D75 /* MyriadSetBundle.ttc in Resources */ = {isa = PBXBuildFile; fileRef = C7F9C83F1B06BCE700FA6D75 /* MyriadSetBundle.ttc */; };
/* End PBXBuildFile section */

/* Begin PBXContainerItemProxy section */
		C71797D6198614200049D44C /* PBXContainerItemProxy */ = {
			isa = PBXContainerItemProxy;
			containerPortal = C71797BB198614200049D44C /* Project object */;
			proxyType = 1;
			remoteGlobalIDString = C71797C2198614200049D44C;
			remoteInfo = KivaBrowser;
		};
/* End PBXContainerItemProxy section */

/* Begin PBXFileReference section */
		C71797C3198614200049D44C /* KivaBrowser.app */ = {isa = PBXFileReference; explicitFileType = wrapper.application; includeInIndex = 0; path = KivaBrowser.app; sourceTree = BUILT_PRODUCTS_DIR; };
		C71797C7198614200049D44C /* Info.plist */ = {isa = PBXFileReference; lastKnownFileType = text.plist.xml; path = Info.plist; sourceTree = "<group>"; };
		C71797C8198614200049D44C /* AppDelegate.swift */ = {isa = PBXFileReference; lastKnownFileType = sourcecode.swift; path = AppDelegate.swift; sourceTree = "<group>"; };
		C71797CD198614200049D44C /* Base */ = {isa = PBXFileReference; lastKnownFileType = file.storyboard; name = Base; path = Base.lproj/Main.storyboard; sourceTree = "<group>"; };
		C71797CF198614200049D44C /* Images.xcassets */ = {isa = PBXFileReference; lastKnownFileType = folder.assetcatalog; path = Images.xcassets; sourceTree = "<group>"; };
		C71797D5198614200049D44C /* KivaBrowserTests.xctest */ = {isa = PBXFileReference; explicitFileType = wrapper.cfbundle; includeInIndex = 0; path = KivaBrowserTests.xctest; sourceTree = BUILT_PRODUCTS_DIR; };
		C71797DA198614200049D44C /* Info.plist */ = {isa = PBXFileReference; lastKnownFileType = text.plist.xml; path = Info.plist; sourceTree = "<group>"; };
		C71797DB198614200049D44C /* KivaBrowserTests.swift */ = {isa = PBXFileReference; lastKnownFileType = sourcecode.swift; path = KivaBrowserTests.swift; sourceTree = "<group>"; };
		C744B5AB1A1097AF002C0375 /* Images-2.xcassets */ = {isa = PBXFileReference; lastKnownFileType = folder.assetcatalog; path = "Images-2.xcassets"; sourceTree = "<group>"; };
		C744B5AD1A1099D2002C0375 /* KivaBrowser_LSF.xib */ = {isa = PBXFileReference; fileEncoding = 4; lastKnownFileType = file.xib; path = KivaBrowser_LSF.xib; sourceTree = "<group>"; };
		C7F9C7A51B054F8900FA6D75 /* LenderCell.swift */ = {isa = PBXFileReference; fileEncoding = 4; lastKnownFileType = sourcecode.swift; name = LenderCell.swift; path = Views/LenderCell.swift; sourceTree = "<group>"; };
		C7F9C7A61B054F8900FA6D75 /* LendingActionCell.swift */ = {isa = PBXFileReference; fileEncoding = 4; lastKnownFileType = sourcecode.swift; name = LendingActionCell.swift; path = Views/LendingActionCell.swift; sourceTree = "<group>"; };
		C7F9C7A71B054F8900FA6D75 /* LoanCell.swift */ = {isa = PBXFileReference; fileEncoding = 4; lastKnownFileType = sourcecode.swift; name = LoanCell.swift; path = Views/LoanCell.swift; sourceTree = "<group>"; };
		C7F9C7A81B054F8900FA6D75 /* TeamCell.swift */ = {isa = PBXFileReference; fileEncoding = 4; lastKnownFileType = sourcecode.swift; name = TeamCell.swift; path = Views/TeamCell.swift; sourceTree = "<group>"; };
		C7F9C7AD1B054F9E00FA6D75 /* AboutKivaBrowser.swift */ = {isa = PBXFileReference; fileEncoding = 4; lastKnownFileType = sourcecode.swift; name = AboutKivaBrowser.swift; path = ViewControllers/AboutKivaBrowser.swift; sourceTree = "<group>"; };
		C7F9C7AE1B054F9E00FA6D75 /* BrowseTeamBy_TVC.swift */ = {isa = PBXFileReference; fileEncoding = 4; lastKnownFileType = sourcecode.swift; name = BrowseTeamBy_TVC.swift; path = ViewControllers/BrowseTeamBy_TVC.swift; sourceTree = "<group>"; };
		C7F9C7AF1B054F9E00FA6D75 /* CriteriaPicker.swift */ = {isa = PBXFileReference; fileEncoding = 4; lastKnownFileType = sourcecode.swift; name = CriteriaPicker.swift; path = ViewControllers/CriteriaPicker.swift; sourceTree = "<group>"; };
		C7F9C7B01B054F9E00FA6D75 /* DetailedLender_VC.swift */ = {isa = PBXFileReference; fileEncoding = 4; lastKnownFileType = sourcecode.swift; name = DetailedLender_VC.swift; path = ViewControllers/DetailedLender_VC.swift; sourceTree = "<group>"; };
		C7F9C7B11B054F9E00FA6D75 /* DetailedLoanVC.swift */ = {isa = PBXFileReference; fileEncoding = 4; lastKnownFileType = sourcecode.swift; name = DetailedLoanVC.swift; path = ViewControllers/DetailedLoanVC.swift; sourceTree = "<group>"; };
		C7F9C7B21B054F9E00FA6D75 /* DetailedTeam_VC.swift */ = {isa = PBXFileReference; fileEncoding = 4; lastKnownFileType = sourcecode.swift; name = DetailedTeam_VC.swift; path = ViewControllers/DetailedTeam_VC.swift; sourceTree = "<group>"; };
		C7F9C7B31B054F9E00FA6D75 /* DetailLendingAction_VC.swift */ = {isa = PBXFileReference; fileEncoding = 4; lastKnownFileType = sourcecode.swift; name = DetailLendingAction_VC.swift; path = ViewControllers/DetailLendingAction_VC.swift; sourceTree = "<group>"; };
		C7F9C7B41B054F9E00FA6D75 /* LatestLoans_TVC.swift */ = {isa = PBXFileReference; fileEncoding = 4; lastKnownFileType = sourcecode.swift; name = LatestLoans_TVC.swift; path = ViewControllers/LatestLoans_TVC.swift; sourceTree = "<group>"; };
		C7F9C7B51B054F9E00FA6D75 /* Lenders_TVC.swift */ = {isa = PBXFileReference; fileEncoding = 4; lastKnownFileType = sourcecode.swift; name = Lenders_TVC.swift; path = ViewControllers/Lenders_TVC.swift; sourceTree = "<group>"; };
		C7F9C7B61B054F9E00FA6D75 /* LendingAction_TVC.swift */ = {isa = PBXFileReference; fileEncoding = 4; lastKnownFileType = sourcecode.swift; name = LendingAction_TVC.swift; path = ViewControllers/LendingAction_TVC.swift; sourceTree = "<group>"; };
		C7F9C7B71B054F9E00FA6D75 /* Loans_TVC.swift */ = {isa = PBXFileReference; fileEncoding = 4; lastKnownFileType = sourcecode.swift; name = Loans_TVC.swift; path = ViewControllers/Loans_TVC.swift; sourceTree = "<group>"; };
		C7F9C7B81B054F9E00FA6D75 /* Search_TVC.swift */ = {isa = PBXFileReference; fileEncoding = 4; lastKnownFileType = sourcecode.swift; name = Search_TVC.swift; path = ViewControllers/Search_TVC.swift; sourceTree = "<group>"; };
		C7F9C7B91B054F9E00FA6D75 /* SearchResults_TVC.swift */ = {isa = PBXFileReference; fileEncoding = 4; lastKnownFileType = sourcecode.swift; name = SearchResults_TVC.swift; path = ViewControllers/SearchResults_TVC.swift; sourceTree = "<group>"; };
		C7F9C7BA1B054F9E00FA6D75 /* Teams_TVC.swift */ = {isa = PBXFileReference; fileEncoding = 4; lastKnownFileType = sourcecode.swift; name = Teams_TVC.swift; path = ViewControllers/Teams_TVC.swift; sourceTree = "<group>"; };
		C7F9C7BB1B054F9E00FA6D75 /* TeamWebView.swift */ = {isa = PBXFileReference; fileEncoding = 4; lastKnownFileType = sourcecode.swift; name = TeamWebView.swift; path = ViewControllers/TeamWebView.swift; sourceTree = "<group>"; };
		C7F9C7CB1B054FB000FA6D75 /* About.png */ = {isa = PBXFileReference; lastKnownFileType = image.png; name = About.png; path = TabBarIcons/About.png; sourceTree = "<group>"; };
		C7F9C7CC1B054FB000FA6D75 /* Lenders.png */ = {isa = PBXFileReference; lastKnownFileType = image.png; name = Lenders.png; path = TabBarIcons/Lenders.png; sourceTree = "<group>"; };
		C7F9C7CD1B054FB000FA6D75 /* Loans.png */ = {isa = PBXFileReference; lastKnownFileType = image.png; name = Loans.png; path = TabBarIcons/Loans.png; sourceTree = "<group>"; };
		C7F9C7CE1B054FB000FA6D75 /* Teams.png */ = {isa = PBXFileReference; lastKnownFileType = image.png; name = Teams.png; path = TabBarIcons/Teams.png; sourceTree = "<group>"; };
		C7F9C7F71B05508900FA6D75 /* JsonDataFetcher.swift */ = {isa = PBXFileReference; fileEncoding = 4; lastKnownFileType = sourcecode.swift; name = JsonDataFetcher.swift; path = NetworkConnections/JsonDataFetcher.swift; sourceTree = "<group>"; };
		C7F9C7F91B05509F00FA6D75 /* JsonDataFetcherDelegate.swift */ = {isa = PBXFileReference; fileEncoding = 4; lastKnownFileType = sourcecode.swift; name = JsonDataFetcherDelegate.swift; path = NetworkConnections/JsonDataFetcherDelegate.swift; sourceTree = "<group>"; };
		C7F9C7FA1B05509F00FA6D75 /* LoanManager.swift */ = {isa = PBXFileReference; fileEncoding = 4; lastKnownFileType = sourcecode.swift; name = LoanManager.swift; path = NetworkConnections/LoanManager.swift; sourceTree = "<group>"; };
		C7F9C7FB1B05509F00FA6D75 /* LoanManagerDelegate.swift */ = {isa = PBXFileReference; fileEncoding = 4; lastKnownFileType = sourcecode.swift; name = LoanManagerDelegate.swift; path = NetworkConnections/LoanManagerDelegate.swift; sourceTree = "<group>"; };
		C7F9C8021B05512900FA6D75 /* CreateDetailedLoan.swift */ = {isa = PBXFileReference; fileEncoding = 4; lastKnownFileType = sourcecode.swift; name = CreateDetailedLoan.swift; path = Models/CreateDetailedLoan.swift; sourceTree = "<group>"; };
		C7F9C8031B05512900FA6D75 /* CreateLender.swift */ = {isa = PBXFileReference; fileEncoding = 4; lastKnownFileType = sourcecode.swift; name = CreateLender.swift; path = Models/CreateLender.swift; sourceTree = "<group>"; };
		C7F9C8041B05512900FA6D75 /* CreateLendingAction.swift */ = {isa = PBXFileReference; fileEncoding = 4; lastKnownFileType = sourcecode.swift; name = CreateLendingAction.swift; path = Models/CreateLendingAction.swift; sourceTree = "<group>"; };
		C7F9C8051B05512900FA6D75 /* CreateLoan.swift */ = {isa = PBXFileReference; fileEncoding = 4; lastKnownFileType = sourcecode.swift; name = CreateLoan.swift; path = Models/CreateLoan.swift; sourceTree = "<group>"; };
		C7F9C8061B05512900FA6D75 /* CreateTeam.swift */ = {isa = PBXFileReference; fileEncoding = 4; lastKnownFileType = sourcecode.swift; name = CreateTeam.swift; path = Models/CreateTeam.swift; sourceTree = "<group>"; };
		C7F9C8071B05512900FA6D75 /* DetailedLoan.swift */ = {isa = PBXFileReference; fileEncoding = 4; lastKnownFileType = sourcecode.swift; name = DetailedLoan.swift; path = Models/DetailedLoan.swift; sourceTree = "<group>"; };
		C7F9C8081B05512900FA6D75 /* DetailedLoanImage.swift */ = {isa = PBXFileReference; fileEncoding = 4; lastKnownFileType = sourcecode.swift; name = DetailedLoanImage.swift; path = Models/DetailedLoanImage.swift; sourceTree = "<group>"; };
		C7F9C8091B05512900FA6D75 /* ImageFormat.swift */ = {isa = PBXFileReference; fileEncoding = 4; lastKnownFileType = sourcecode.swift; name = ImageFormat.swift; path = Models/ImageFormat.swift; sourceTree = "<group>"; };
		C7F9C80A1B05512900FA6D75 /* KivaImage.swift */ = {isa = PBXFileReference; fileEncoding = 4; lastKnownFileType = sourcecode.swift; name = KivaImage.swift; path = Models/KivaImage.swift; sourceTree = "<group>"; };
		C7F9C80B1B05512900FA6D75 /* Lender.swift */ = {isa = PBXFileReference; fileEncoding = 4; lastKnownFileType = sourcecode.swift; name = Lender.swift; path = Models/Lender.swift; sourceTree = "<group>"; };
		C7F9C80C1B05512900FA6D75 /* LenderImage.swift */ = {isa = PBXFileReference; fileEncoding = 4; lastKnownFileType = sourcecode.swift; name = LenderImage.swift; path = Models/LenderImage.swift; sourceTree = "<group>"; };
		C7F9C80D1B05512900FA6D75 /* LendingAction.swift */ = {isa = PBXFileReference; fileEncoding = 4; lastKnownFileType = sourcecode.swift; name = LendingAction.swift; path = Models/LendingAction.swift; sourceTree = "<group>"; };
		C7F9C80E1B05512900FA6D75 /* Loan.swift */ = {isa = PBXFileReference; fileEncoding = 4; lastKnownFileType = sourcecode.swift; name = Loan.swift; path = Models/Loan.swift; sourceTree = "<group>"; };
		C7F9C80F1B05512900FA6D75 /* LoanImage.swift */ = {isa = PBXFileReference; fileEncoding = 4; lastKnownFileType = sourcecode.swift; name = LoanImage.swift; path = Models/LoanImage.swift; sourceTree = "<group>"; };
		C7F9C8101B05512900FA6D75 /* Paginator.swift */ = {isa = PBXFileReference; fileEncoding = 4; lastKnownFileType = sourcecode.swift; name = Paginator.swift; path = Models/Paginator.swift; sourceTree = "<group>"; };
		C7F9C8111B05512900FA6D75 /* Search.swift */ = {isa = PBXFileReference; fileEncoding = 4; lastKnownFileType = sourcecode.swift; name = Search.swift; path = Models/Search.swift; sourceTree = "<group>"; };
		C7F9C8121B05512900FA6D75 /* Team.swift */ = {isa = PBXFileReference; fileEncoding = 4; lastKnownFileType = sourcecode.swift; name = Team.swift; path = Models/Team.swift; sourceTree = "<group>"; };
		C7F9C8131B05512900FA6D75 /* TeamImage.swift */ = {isa = PBXFileReference; fileEncoding = 4; lastKnownFileType = sourcecode.swift; name = TeamImage.swift; path = Models/TeamImage.swift; sourceTree = "<group>"; };
		C7F9C8291B066EF000FA6D75 /* LoanCell.xib */ = {isa = PBXFileReference; fileEncoding = 4; lastKnownFileType = file.xib; name = LoanCell.xib; path = Views/LoanCell.xib; sourceTree = "<group>"; };
		C7F9C8331B06705700FA6D75 /* LendingActionCell.xib */ = {isa = PBXFileReference; fileEncoding = 4; lastKnownFileType = file.xib; name = LendingActionCell.xib; path = Views/LendingActionCell.xib; sourceTree = "<group>"; };
		C7F9C8351B06706F00FA6D75 /* TeamCell.xib */ = {isa = PBXFileReference; fileEncoding = 4; lastKnownFileType = file.xib; name = TeamCell.xib; path = Views/TeamCell.xib; sourceTree = "<group>"; };
		C7F9C8381B06981500FA6D75 /* KivaFontsAndColors.swift */ = {isa = PBXFileReference; fileEncoding = 4; lastKnownFileType = sourcecode.swift; name = KivaFontsAndColors.swift; path = Globals/KivaFontsAndColors.swift; sourceTree = "<group>"; };
		C7F9C83F1B06BCE700FA6D75 /* MyriadSetBundle.ttc */ = {isa = PBXFileReference; lastKnownFileType = file; name = MyriadSetBundle.ttc; path = Resource/MyriadSetBundle.ttc; sourceTree = "<group>"; };
/* End PBXFileReference section */

/* Begin PBXFrameworksBuildPhase section */
		C71797C0198614200049D44C /* Frameworks */ = {
			isa = PBXFrameworksBuildPhase;
			buildActionMask = 2147483647;
			files = (
			);
			runOnlyForDeploymentPostprocessing = 0;
		};
		C71797D2198614200049D44C /* Frameworks */ = {
			isa = PBXFrameworksBuildPhase;
			buildActionMask = 2147483647;
			files = (
			);
			runOnlyForDeploymentPostprocessing = 0;
		};
/* End PBXFrameworksBuildPhase section */

/* Begin PBXGroup section */
		C71797BA198614200049D44C = {
			isa = PBXGroup;
			children = (
				C71797C5198614200049D44C /* KivaBrowser */,
				C71797D8198614200049D44C /* KivaBrowserTests */,
				C71797C4198614200049D44C /* Products */,
			);
			sourceTree = "<group>";
		};
		C71797C4198614200049D44C /* Products */ = {
			isa = PBXGroup;
			children = (
				C71797C3198614200049D44C /* KivaBrowser.app */,
				C71797D5198614200049D44C /* KivaBrowserTests.xctest */,
			);
			name = Products;
			sourceTree = "<group>";
		};
		C71797C5198614200049D44C /* KivaBrowser */ = {
			isa = PBXGroup;
			children = (
				C7F9C83E1B06BCAE00FA6D75 /* Resource */,
				C7F9C83A1B06983100FA6D75 /* Globals */,
				C7F9C8011B05510C00FA6D75 /* Models */,
				C7F9C79E1B054DFA00FA6D75 /* Views */,
				C7F9C79F1B054E0700FA6D75 /* ViewControllers */,
				C7F9C7A01B054E1200FA6D75 /* TabBarIcons */,
				C7F9C7A11B054E2C00FA6D75 /* NetworkConnections */,
				C71797CC198614200049D44C /* Main.storyboard */,
				C71797C6198614200049D44C /* Supporting Files */,
			);
			path = KivaBrowser;
			sourceTree = "<group>";
		};
		C71797C6198614200049D44C /* Supporting Files */ = {
			isa = PBXGroup;
			children = (
				C744B5AB1A1097AF002C0375 /* Images-2.xcassets */,
				C744B5AD1A1099D2002C0375 /* KivaBrowser_LSF.xib */,
				C71797CF198614200049D44C /* Images.xcassets */,
				C71797C8198614200049D44C /* AppDelegate.swift */,
				C71797C7198614200049D44C /* Info.plist */,
			);
			name = "Supporting Files";
			sourceTree = "<group>";
		};
		C71797D8198614200049D44C /* KivaBrowserTests */ = {
			isa = PBXGroup;
			children = (
				C71797DB198614200049D44C /* KivaBrowserTests.swift */,
				C71797D9198614200049D44C /* Supporting Files */,
			);
			path = KivaBrowserTests;
			sourceTree = "<group>";
		};
		C71797D9198614200049D44C /* Supporting Files */ = {
			isa = PBXGroup;
			children = (
				C71797DA198614200049D44C /* Info.plist */,
			);
			name = "Supporting Files";
			sourceTree = "<group>";
		};
		C7F9C79E1B054DFA00FA6D75 /* Views */ = {
			isa = PBXGroup;
			children = (
				C7F9C7A51B054F8900FA6D75 /* LenderCell.swift */,
				C7F9C7A61B054F8900FA6D75 /* LendingActionCell.swift */,
				C7F9C8331B06705700FA6D75 /* LendingActionCell.xib */,
				C7F9C7A71B054F8900FA6D75 /* LoanCell.swift */,
				C7F9C8291B066EF000FA6D75 /* LoanCell.xib */,
				C7F9C7A81B054F8900FA6D75 /* TeamCell.swift */,
				C7F9C8351B06706F00FA6D75 /* TeamCell.xib */,
			);
			name = Views;
			sourceTree = "<group>";
		};
		C7F9C79F1B054E0700FA6D75 /* ViewControllers */ = {
			isa = PBXGroup;
			children = (
				C7F9C7AD1B054F9E00FA6D75 /* AboutKivaBrowser.swift */,
				C7F9C7AE1B054F9E00FA6D75 /* BrowseTeamBy_TVC.swift */,
				C7F9C7AF1B054F9E00FA6D75 /* CriteriaPicker.swift */,
				C7F9C7B01B054F9E00FA6D75 /* DetailedLender_VC.swift */,
				C7F9C7B11B054F9E00FA6D75 /* DetailedLoanVC.swift */,
				C7F9C7B21B054F9E00FA6D75 /* DetailedTeam_VC.swift */,
				C7F9C7B31B054F9E00FA6D75 /* DetailLendingAction_VC.swift */,
				C7F9C7B41B054F9E00FA6D75 /* LatestLoans_TVC.swift */,
				C7F9C7B51B054F9E00FA6D75 /* Lenders_TVC.swift */,
				C7F9C7B61B054F9E00FA6D75 /* LendingAction_TVC.swift */,
				C7F9C7B71B054F9E00FA6D75 /* Loans_TVC.swift */,
				C7F9C7B81B054F9E00FA6D75 /* Search_TVC.swift */,
				C7F9C7B91B054F9E00FA6D75 /* SearchResults_TVC.swift */,
				C7F9C7BA1B054F9E00FA6D75 /* Teams_TVC.swift */,
				C7F9C7BB1B054F9E00FA6D75 /* TeamWebView.swift */,
			);
			name = ViewControllers;
			sourceTree = "<group>";
		};
		C7F9C7A01B054E1200FA6D75 /* TabBarIcons */ = {
			isa = PBXGroup;
			children = (
				C7F9C7CB1B054FB000FA6D75 /* About.png */,
				C7F9C7CC1B054FB000FA6D75 /* Lenders.png */,
				C7F9C7CD1B054FB000FA6D75 /* Loans.png */,
				C7F9C7CE1B054FB000FA6D75 /* Teams.png */,
			);
			name = TabBarIcons;
			sourceTree = "<group>";
		};
		C7F9C7A11B054E2C00FA6D75 /* NetworkConnections */ = {
			isa = PBXGroup;
			children = (
				C7F9C7F91B05509F00FA6D75 /* JsonDataFetcherDelegate.swift */,
				C7F9C7FA1B05509F00FA6D75 /* LoanManager.swift */,
				C7F9C7FB1B05509F00FA6D75 /* LoanManagerDelegate.swift */,
				C7F9C7F71B05508900FA6D75 /* JsonDataFetcher.swift */,
			);
			name = NetworkConnections;
			sourceTree = "<group>";
		};
		C7F9C8011B05510C00FA6D75 /* Models */ = {
			isa = PBXGroup;
			children = (
				C7F9C8021B05512900FA6D75 /* CreateDetailedLoan.swift */,
				C7F9C8031B05512900FA6D75 /* CreateLender.swift */,
				C7F9C8041B05512900FA6D75 /* CreateLendingAction.swift */,
				C7F9C8051B05512900FA6D75 /* CreateLoan.swift */,
				C7F9C8061B05512900FA6D75 /* CreateTeam.swift */,
				C7F9C8071B05512900FA6D75 /* DetailedLoan.swift */,
				C7F9C8081B05512900FA6D75 /* DetailedLoanImage.swift */,
				C7F9C8091B05512900FA6D75 /* ImageFormat.swift */,
				C7F9C80A1B05512900FA6D75 /* KivaImage.swift */,
				C7F9C80B1B05512900FA6D75 /* Lender.swift */,
				C7F9C80C1B05512900FA6D75 /* LenderImage.swift */,
				C7F9C80D1B05512900FA6D75 /* LendingAction.swift */,
				C7F9C80E1B05512900FA6D75 /* Loan.swift */,
				C7F9C80F1B05512900FA6D75 /* LoanImage.swift */,
				C7F9C8101B05512900FA6D75 /* Paginator.swift */,
				C7F9C8111B05512900FA6D75 /* Search.swift */,
				C7F9C8121B05512900FA6D75 /* Team.swift */,
				C7F9C8131B05512900FA6D75 /* TeamImage.swift */,
			);
			name = Models;
			sourceTree = "<group>";
		};
		C7F9C83A1B06983100FA6D75 /* Globals */ = {
			isa = PBXGroup;
			children = (
				C7F9C8381B06981500FA6D75 /* KivaFontsAndColors.swift */,
			);
			name = Globals;
			sourceTree = "<group>";
		};
		C7F9C83E1B06BCAE00FA6D75 /* Resource */ = {
			isa = PBXGroup;
			children = (
				C7F9C83F1B06BCE700FA6D75 /* MyriadSetBundle.ttc */,
			);
			name = Resource;
			sourceTree = "<group>";
		};
/* End PBXGroup section */

/* Begin PBXNativeTarget section */
		C71797C2198614200049D44C /* KivaBrowser */ = {
			isa = PBXNativeTarget;
			buildConfigurationList = C71797DF198614200049D44C /* Build configuration list for PBXNativeTarget "KivaBrowser" */;
			buildPhases = (
				C71797BF198614200049D44C /* Sources */,
				C71797C0198614200049D44C /* Frameworks */,
				C71797C1198614200049D44C /* Resources */,
			);
			buildRules = (
			);
			dependencies = (
			);
			name = KivaBrowser;
			productName = KivaBrowser;
			productReference = C71797C3198614200049D44C /* KivaBrowser.app */;
			productType = "com.apple.product-type.application";
		};
		C71797D4198614200049D44C /* KivaBrowserTests */ = {
			isa = PBXNativeTarget;
			buildConfigurationList = C71797E2198614200049D44C /* Build configuration list for PBXNativeTarget "KivaBrowserTests" */;
			buildPhases = (
				C71797D1198614200049D44C /* Sources */,
				C71797D2198614200049D44C /* Frameworks */,
				C71797D3198614200049D44C /* Resources */,
			);
			buildRules = (
			);
			dependencies = (
				C71797D7198614200049D44C /* PBXTargetDependency */,
			);
			name = KivaBrowserTests;
			productName = KivaBrowserTests;
			productReference = C71797D5198614200049D44C /* KivaBrowserTests.xctest */;
			productType = "com.apple.product-type.bundle.unit-test";
		};
/* End PBXNativeTarget section */

/* Begin PBXProject section */
		C71797BB198614200049D44C /* Project object */ = {
			isa = PBXProject;
			attributes = {
				LastUpgradeCheck = 0600;
				ORGANIZATIONNAME = "wanming zhang";
				TargetAttributes = {
					C71797C2198614200049D44C = {
						CreatedOnToolsVersion = 6.0;
						DevelopmentTeam = 8R5SSX8RV5;
					};
					C71797D4198614200049D44C = {
						CreatedOnToolsVersion = 6.0;
						TestTargetID = C71797C2198614200049D44C;
					};
				};
			};
			buildConfigurationList = C71797BE198614200049D44C /* Build configuration list for PBXProject "KivaBrowser" */;
			compatibilityVersion = "Xcode 3.2";
			developmentRegion = English;
			hasScannedForEncodings = 0;
			knownRegions = (
				en,
				Base,
			);
			mainGroup = C71797BA198614200049D44C;
			productRefGroup = C71797C4198614200049D44C /* Products */;
			projectDirPath = "";
			projectRoot = "";
			targets = (
				C71797C2198614200049D44C /* KivaBrowser */,
				C71797D4198614200049D44C /* KivaBrowserTests */,
			);
		};
/* End PBXProject section */

/* Begin PBXResourcesBuildPhase section */
		C71797C1198614200049D44C /* Resources */ = {
			isa = PBXResourcesBuildPhase;
			buildActionMask = 2147483647;
			files = (
				C7F9C8401B06BCE700FA6D75 /* MyriadSetBundle.ttc in Resources */,
				C744B5AC1A1097AF002C0375 /* Images-2.xcassets in Resources */,
				C71797CE198614200049D44C /* Main.storyboard in Resources */,
				C7F9C82A1B066EF000FA6D75 /* LoanCell.xib in Resources */,
				C7F9C7D11B054FB000FA6D75 /* Loans.png in Resources */,
				C71797D0198614200049D44C /* Images.xcassets in Resources */,
				C7F9C8341B06705700FA6D75 /* LendingActionCell.xib in Resources */,
				C7F9C7D01B054FB000FA6D75 /* Lenders.png in Resources */,
				C7F9C7D21B054FB000FA6D75 /* Teams.png in Resources */,
				C744B5AE1A1099D2002C0375 /* KivaBrowser_LSF.xib in Resources */,
				C7F9C7CF1B054FB000FA6D75 /* About.png in Resources */,
				C7F9C8361B06706F00FA6D75 /* TeamCell.xib in Resources */,
			);
			runOnlyForDeploymentPostprocessing = 0;
		};
		C71797D3198614200049D44C /* Resources */ = {
			isa = PBXResourcesBuildPhase;
			buildActionMask = 2147483647;
			files = (
			);
			runOnlyForDeploymentPostprocessing = 0;
		};
/* End PBXResourcesBuildPhase section */

/* Begin PBXSourcesBuildPhase section */
		C71797BF198614200049D44C /* Sources */ = {
			isa = PBXSourcesBuildPhase;
			buildActionMask = 2147483647;
			files = (
				C7F9C7BF1B054F9E00FA6D75 /* DetailedLender_VC.swift in Sources */,
				C7F9C7BE1B054F9E00FA6D75 /* CriteriaPicker.swift in Sources */,
				C7F9C7C71B054F9E00FA6D75 /* Search_TVC.swift in Sources */,
				C71797C9198614200049D44C /* AppDelegate.swift in Sources */,
				C7F9C7C81B054F9E00FA6D75 /* SearchResults_TVC.swift in Sources */,
				C7F9C7C61B054F9E00FA6D75 /* Loans_TVC.swift in Sources */,
				C7F9C8251B05512900FA6D75 /* TeamImage.swift in Sources */,
				C7F9C8141B05512900FA6D75 /* CreateDetailedLoan.swift in Sources */,
				C7F9C8241B05512900FA6D75 /* Team.swift in Sources */,
				C7F9C7A91B054F8900FA6D75 /* LenderCell.swift in Sources */,
				C7F9C7AC1B054F8900FA6D75 /* TeamCell.swift in Sources */,
				C7F9C81A1B05512900FA6D75 /* DetailedLoanImage.swift in Sources */,
				C7F9C7CA1B054F9E00FA6D75 /* TeamWebView.swift in Sources */,
				C7F9C8221B05512900FA6D75 /* Paginator.swift in Sources */,
				C7F9C7C21B054F9E00FA6D75 /* DetailLendingAction_VC.swift in Sources */,
				C7F9C7C51B054F9E00FA6D75 /* LendingAction_TVC.swift in Sources */,
				C7F9C7AA1B054F8900FA6D75 /* LendingActionCell.swift in Sources */,
				C7F9C7AB1B054F8900FA6D75 /* LoanCell.swift in Sources */,
				C7F9C7BD1B054F9E00FA6D75 /* BrowseTeamBy_TVC.swift in Sources */,
				C7F9C7C91B054F9E00FA6D75 /* Teams_TVC.swift in Sources */,
				C7F9C7F81B05508900FA6D75 /* JsonDataFetcher.swift in Sources */,
				C7F9C81E1B05512900FA6D75 /* LenderImage.swift in Sources */,
				C7F9C7C01B054F9E00FA6D75 /* DetailedLoanVC.swift in Sources */,
				C7F9C7FC1B05509F00FA6D75 /* JsonDataFetcherDelegate.swift in Sources */,
				C7F9C8201B05512900FA6D75 /* Loan.swift in Sources */,
				C7F9C81F1B05512900FA6D75 /* LendingAction.swift in Sources */,
				C7F9C81C1B05512900FA6D75 /* KivaImage.swift in Sources */,
				C7F9C8191B05512900FA6D75 /* DetailedLoan.swift in Sources */,
				C7F9C7FD1B05509F00FA6D75 /* LoanManager.swift in Sources */,
				C7F9C8391B06981500FA6D75 /* KivaFontsAndColors.swift in Sources */,
				C7F9C81D1B05512900FA6D75 /* Lender.swift in Sources */,
				C7F9C8211B05512900FA6D75 /* LoanImage.swift in Sources */,
				C7F9C7C31B054F9E00FA6D75 /* LatestLoans_TVC.swift in Sources */,
				C7F9C7BC1B054F9E00FA6D75 /* AboutKivaBrowser.swift in Sources */,
				C7F9C81B1B05512900FA6D75 /* ImageFormat.swift in Sources */,
				C7F9C7C11B054F9E00FA6D75 /* DetailedTeam_VC.swift in Sources */,
				C7F9C7FE1B05509F00FA6D75 /* LoanManagerDelegate.swift in Sources */,
				C7F9C7C41B054F9E00FA6D75 /* Lenders_TVC.swift in Sources */,
				C7F9C8171B05512900FA6D75 /* CreateLoan.swift in Sources */,
				C7F9C8161B05512900FA6D75 /* CreateLendingAction.swift in Sources */,
				C7F9C8231B05512900FA6D75 /* Search.swift in Sources */,
				C7F9C8151B05512900FA6D75 /* CreateLender.swift in Sources */,
				C7F9C8181B05512900FA6D75 /* CreateTeam.swift in Sources */,
			);
			runOnlyForDeploymentPostprocessing = 0;
		};
		C71797D1198614200049D44C /* Sources */ = {
			isa = PBXSourcesBuildPhase;
			buildActionMask = 2147483647;
			files = (
				C71797DC198614200049D44C /* KivaBrowserTests.swift in Sources */,
			);
			runOnlyForDeploymentPostprocessing = 0;
		};
/* End PBXSourcesBuildPhase section */

/* Begin PBXTargetDependency section */
		C71797D7198614200049D44C /* PBXTargetDependency */ = {
			isa = PBXTargetDependency;
			target = C71797C2198614200049D44C /* KivaBrowser */;
			targetProxy = C71797D6198614200049D44C /* PBXContainerItemProxy */;
		};
/* End PBXTargetDependency section */

/* Begin PBXVariantGroup section */
		C71797CC198614200049D44C /* Main.storyboard */ = {
			isa = PBXVariantGroup;
			children = (
				C71797CD198614200049D44C /* Base */,
			);
			name = Main.storyboard;
			sourceTree = "<group>";
		};
/* End PBXVariantGroup section */

/* Begin XCBuildConfiguration section */
		C71797DD198614200049D44C /* Debug */ = {
			isa = XCBuildConfiguration;
			buildSettings = {
				ALWAYS_SEARCH_USER_PATHS = NO;
				CLANG_CXX_LANGUAGE_STANDARD = "gnu++0x";
				CLANG_CXX_LIBRARY = "libc++";
				CLANG_ENABLE_MODULES = YES;
				CLANG_ENABLE_OBJC_ARC = YES;
				CLANG_WARN_BOOL_CONVERSION = YES;
				CLANG_WARN_CONSTANT_CONVERSION = YES;
				CLANG_WARN_DIRECT_OBJC_ISA_USAGE = YES_ERROR;
				CLANG_WARN_EMPTY_BODY = YES;
				CLANG_WARN_ENUM_CONVERSION = YES;
				CLANG_WARN_INT_CONVERSION = YES;
				CLANG_WARN_OBJC_ROOT_CLASS = YES_ERROR;
				CLANG_WARN_UNREACHABLE_CODE = YES;
				CLANG_WARN__DUPLICATE_METHOD_MATCH = YES;
				"CODE_SIGN_IDENTITY[sdk=iphoneos*]" = "iPhone Developer";
				COPY_PHASE_STRIP = NO;
				ENABLE_STRICT_OBJC_MSGSEND = YES;
				GCC_C_LANGUAGE_STANDARD = gnu99;
				GCC_DYNAMIC_NO_PIC = NO;
				GCC_OPTIMIZATION_LEVEL = 0;
				GCC_PREPROCESSOR_DEFINITIONS = (
					"DEBUG=1",
					"$(inherited)",
				);
				GCC_SYMBOLS_PRIVATE_EXTERN = NO;
				GCC_WARN_64_TO_32_BIT_CONVERSION = YES;
				GCC_WARN_ABOUT_RETURN_TYPE = YES_ERROR;
				GCC_WARN_UNDECLARED_SELECTOR = YES;
				GCC_WARN_UNINITIALIZED_AUTOS = YES_AGGRESSIVE;
				GCC_WARN_UNUSED_FUNCTION = YES;
				GCC_WARN_UNUSED_VARIABLE = YES;
				IPHONEOS_DEPLOYMENT_TARGET = 8.0;
				MTL_ENABLE_DEBUG_INFO = YES;
				ONLY_ACTIVE_ARCH = YES;
				SDKROOT = iphoneos;
				SWIFT_OPTIMIZATION_LEVEL = "-Onone";
			};
			name = Debug;
		};
		C71797DE198614200049D44C /* Release */ = {
			isa = XCBuildConfiguration;
			buildSettings = {
				ALWAYS_SEARCH_USER_PATHS = NO;
				CLANG_CXX_LANGUAGE_STANDARD = "gnu++0x";
				CLANG_CXX_LIBRARY = "libc++";
				CLANG_ENABLE_MODULES = YES;
				CLANG_ENABLE_OBJC_ARC = YES;
				CLANG_WARN_BOOL_CONVERSION = YES;
				CLANG_WARN_CONSTANT_CONVERSION = YES;
				CLANG_WARN_DIRECT_OBJC_ISA_USAGE = YES_ERROR;
				CLANG_WARN_EMPTY_BODY = YES;
				CLANG_WARN_ENUM_CONVERSION = YES;
				CLANG_WARN_INT_CONVERSION = YES;
				CLANG_WARN_OBJC_ROOT_CLASS = YES_ERROR;
				CLANG_WARN_UNREACHABLE_CODE = YES;
				CLANG_WARN__DUPLICATE_METHOD_MATCH = YES;
				"CODE_SIGN_IDENTITY[sdk=iphoneos*]" = "iPhone Developer";
				COPY_PHASE_STRIP = YES;
				ENABLE_NS_ASSERTIONS = NO;
				ENABLE_STRICT_OBJC_MSGSEND = YES;
				GCC_C_LANGUAGE_STANDARD = gnu99;
				GCC_WARN_64_TO_32_BIT_CONVERSION = YES;
				GCC_WARN_ABOUT_RETURN_TYPE = YES_ERROR;
				GCC_WARN_UNDECLARED_SELECTOR = YES;
				GCC_WARN_UNINITIALIZED_AUTOS = YES_AGGRESSIVE;
				GCC_WARN_UNUSED_FUNCTION = YES;
				GCC_WARN_UNUSED_VARIABLE = YES;
				IPHONEOS_DEPLOYMENT_TARGET = 8.0;
				MTL_ENABLE_DEBUG_INFO = NO;
				SDKROOT = iphoneos;
				VALIDATE_PRODUCT = YES;
			};
			name = Release;
		};
		C71797E0198614200049D44C /* Debug */ = {
			isa = XCBuildConfiguration;
			buildSettings = {
				ASSETCATALOG_COMPILER_APPICON_NAME = AppIcon;
				ASSETCATALOG_COMPILER_LAUNCHIMAGE_NAME = LaunchImage;
				CODE_SIGN_IDENTITY = "iPhone Developer";
				"CODE_SIGN_IDENTITY[sdk=iphoneos*]" = "iPhone Developer";
				INFOPLIST_FILE = KivaBrowser/Info.plist;
				IPHONEOS_DEPLOYMENT_TARGET = 8.0;
				LD_RUNPATH_SEARCH_PATHS = "$(inherited) @executable_path/Frameworks";
				PRODUCT_NAME = "$(TARGET_NAME)";
				PROVISIONING_PROFILE = "";
			};
			name = Debug;
		};
		C71797E1198614200049D44C /* Release */ = {
			isa = XCBuildConfiguration;
			buildSettings = {
				ASSETCATALOG_COMPILER_APPICON_NAME = AppIcon;
				ASSETCATALOG_COMPILER_LAUNCHIMAGE_NAME = LaunchImage;
				CODE_SIGN_IDENTITY = "iPhone Developer";
				"CODE_SIGN_IDENTITY[sdk=iphoneos*]" = "iPhone Developer: wanming zhang (5573ZQ3TYM)";
				INFOPLIST_FILE = KivaBrowser/Info.plist;
				IPHONEOS_DEPLOYMENT_TARGET = 8.0;
				LD_RUNPATH_SEARCH_PATHS = "$(inherited) @executable_path/Frameworks";
				PRODUCT_NAME = "$(TARGET_NAME)";
				PROVISIONING_PROFILE = "";
			};
			name = Release;
		};
		C71797E3198614200049D44C /* Debug */ = {
			isa = XCBuildConfiguration;
			buildSettings = {
				BUNDLE_LOADER = "$(BUILT_PRODUCTS_DIR)/KivaBrowser.app/KivaBrowser";
				FRAMEWORK_SEARCH_PATHS = (
					"$(SDKROOT)/Developer/Library/Frameworks",
					"$(inherited)",
				);
				GCC_PREPROCESSOR_DEFINITIONS = (
					"DEBUG=1",
					"$(inherited)",
				);
				INFOPLIST_FILE = KivaBrowserTests/Info.plist;
				LD_RUNPATH_SEARCH_PATHS = "$(inherited) @executable_path/Frameworks @loader_path/Frameworks";
				PRODUCT_NAME = "$(TARGET_NAME)";
				TEST_HOST = "$(BUNDLE_LOADER)";
			};
			name = Debug;
		};
		C71797E4198614200049D44C /* Release */ = {
			isa = XCBuildConfiguration;
			buildSettings = {
				BUNDLE_LOADER = "$(BUILT_PRODUCTS_DIR)/KivaBrowser.app/KivaBrowser";
				FRAMEWORK_SEARCH_PATHS = (
					"$(SDKROOT)/Developer/Library/Frameworks",
					"$(inherited)",
				);
				INFOPLIST_FILE = KivaBrowserTests/Info.plist;
				LD_RUNPATH_SEARCH_PATHS = "$(inherited) @executable_path/Frameworks @loader_path/Frameworks";
				PRODUCT_NAME = "$(TARGET_NAME)";
				TEST_HOST = "$(BUNDLE_LOADER)";
			};
			name = Release;
		};
/* End XCBuildConfiguration section */

/* Begin XCConfigurationList section */
		C71797BE198614200049D44C /* Build configuration list for PBXProject "KivaBrowser" */ = {
			isa = XCConfigurationList;
			buildConfigurations = (
				C71797DD198614200049D44C /* Debug */,
				C71797DE198614200049D44C /* Release */,
			);
			defaultConfigurationIsVisible = 0;
			defaultConfigurationName = Release;
		};
		C71797DF198614200049D44C /* Build configuration list for PBXNativeTarget "KivaBrowser" */ = {
			isa = XCConfigurationList;
			buildConfigurations = (
				C71797E0198614200049D44C /* Debug */,
				C71797E1198614200049D44C /* Release */,
			);
			defaultConfigurationIsVisible = 0;
			defaultConfigurationName = Release;
		};
		C71797E2198614200049D44C /* Build configuration list for PBXNativeTarget "KivaBrowserTests" */ = {
			isa = XCConfigurationList;
			buildConfigurations = (
				C71797E3198614200049D44C /* Debug */,
				C71797E4198614200049D44C /* Release */,
			);
			defaultConfigurationIsVisible = 0;
			defaultConfigurationName = Release;
		};
/* End XCConfigurationList section */
	};
	rootObject = C71797BB198614200049D44C /* Project object */;
}
