// !$*UTF8*$!
{
	archiveVersion = 1;
	classes = {
	};
	objectVersion = 46;
	objects = {

/* Begin PBXBuildFile section */
		C70E381419C7B55A00A6663A /* DetailedLoanVC.swift in Sources */ = {isa = PBXBuildFile; fileRef = C70E381319C7B55A00A6663A /* DetailedLoanVC.swift */; };
		C71797C9198614200049D44C /* AppDelegate.swift in Sources */ = {isa = PBXBuildFile; fileRef = C71797C8198614200049D44C /* AppDelegate.swift */; };
		C71797CE198614200049D44C /* Main.storyboard in Resources */ = {isa = PBXBuildFile; fileRef = C71797CC198614200049D44C /* Main.storyboard */; };
		C71797D0198614200049D44C /* Images.xcassets in Resources */ = {isa = PBXBuildFile; fileRef = C71797CF198614200049D44C /* Images.xcassets */; };
		C71797DC198614200049D44C /* KivaBrowserTests.swift in Sources */ = {isa = PBXBuildFile; fileRef = C71797DB198614200049D44C /* KivaBrowserTests.swift */; };
		C71797EA1986260F0049D44C /* Loans_TVC.swift in Sources */ = {isa = PBXBuildFile; fileRef = C71797E91986260F0049D44C /* Loans_TVC.swift */; };
		C71797EC198630A00049D44C /* Loan.swift in Sources */ = {isa = PBXBuildFile; fileRef = C71797EB198630A00049D44C /* Loan.swift */; };
		C71797EF198788700049D44C /* CreateLoan.swift in Sources */ = {isa = PBXBuildFile; fileRef = C71797EE198788700049D44C /* CreateLoan.swift */; };
		C71797F11989683E0049D44C /* LoanImage.swift in Sources */ = {isa = PBXBuildFile; fileRef = C71797F01989683E0049D44C /* LoanImage.swift */; };
		C71937FC19DE266900D1AA17 /* Teams_TVC.swift in Sources */ = {isa = PBXBuildFile; fileRef = C71937FB19DE266900D1AA17 /* Teams_TVC.swift */; };
		C7245A4119EB94B200E2A7AB /* Teams.png in Resources */ = {isa = PBXBuildFile; fileRef = C7245A4019EB94B200E2A7AB /* Teams.png */; };
		C7245A4319EBA2ED00E2A7AB /* Lenders.png in Resources */ = {isa = PBXBuildFile; fileRef = C7245A4219EBA2ED00E2A7AB /* Lenders.png */; };
		C7245A4719EBA8D200E2A7AB /* Lender.swift in Sources */ = {isa = PBXBuildFile; fileRef = C7245A4619EBA8D200E2A7AB /* Lender.swift */; };
		C7245A4A19EC7E8700E2A7AB /* CreateLender.swift in Sources */ = {isa = PBXBuildFile; fileRef = C7245A4919EC7E8700E2A7AB /* CreateLender.swift */; };
		C7245A4C19EC9AE100E2A7AB /* LenderImage.swift in Sources */ = {isa = PBXBuildFile; fileRef = C7245A4B19EC9AE100E2A7AB /* LenderImage.swift */; };
		C7245A4E19ECE05000E2A7AB /* Lenders_TVC.swift in Sources */ = {isa = PBXBuildFile; fileRef = C7245A4D19ECE05000E2A7AB /* Lenders_TVC.swift */; };
		C7245A5119ECE49F00E2A7AB /* LenderCell.swift in Sources */ = {isa = PBXBuildFile; fileRef = C7245A5019ECE49F00E2A7AB /* LenderCell.swift */; };
		C7245A5319ECE93500E2A7AB /* Loans.png in Resources */ = {isa = PBXBuildFile; fileRef = C7245A5219ECE93500E2A7AB /* Loans.png */; };
		C7245A5519ECECA000E2A7AB /* DetailedLender_VC.swift in Sources */ = {isa = PBXBuildFile; fileRef = C7245A5419ECECA000E2A7AB /* DetailedLender_VC.swift */; };
		C7378F3419B7BC41009ACC71 /* Search_TVC.swift in Sources */ = {isa = PBXBuildFile; fileRef = C7378F3319B7BC41009ACC71 /* Search_TVC.swift */; };
		C7378F3619B90898009ACC71 /* CriteriaPicker.swift in Sources */ = {isa = PBXBuildFile; fileRef = C7378F3519B90898009ACC71 /* CriteriaPicker.swift */; };
		C7378F3819BA616D009ACC71 /* SearchResults_TVC.swift in Sources */ = {isa = PBXBuildFile; fileRef = C7378F3719BA616D009ACC71 /* SearchResults_TVC.swift */; };
		C7378F3A19BAE856009ACC71 /* Search.swift in Sources */ = {isa = PBXBuildFile; fileRef = C7378F3919BAE856009ACC71 /* Search.swift */; };
		C76F771319B12B7700E98451 /* DetailedLoanImage.swift in Sources */ = {isa = PBXBuildFile; fileRef = C76F771219B12B7700E98451 /* DetailedLoanImage.swift */; };
		C7A3F5E419F4E022005DFBF7 /* DetailLendingAction_VC.swift in Sources */ = {isa = PBXBuildFile; fileRef = C7A3F5E319F4E022005DFBF7 /* DetailLendingAction_VC.swift */; };
		C7ABFEB01990342A0016BA53 /* LoanCell.swift in Sources */ = {isa = PBXBuildFile; fileRef = C7ABFEAF1990342A0016BA53 /* LoanCell.swift */; };
		C7ABFEB21990A36D0016BA53 /* JsonDataFetcher.swift in Sources */ = {isa = PBXBuildFile; fileRef = C7ABFEB11990A36D0016BA53 /* JsonDataFetcher.swift */; };
		C7ABFEB519919C340016BA53 /* JsonDataFetcherDelegate.swift in Sources */ = {isa = PBXBuildFile; fileRef = C7ABFEB419919C340016BA53 /* JsonDataFetcherDelegate.swift */; };
		C7ABFEB71992131F0016BA53 /* LoanManager.swift in Sources */ = {isa = PBXBuildFile; fileRef = C7ABFEB61992131F0016BA53 /* LoanManager.swift */; };
		C7ABFEBA1992196C0016BA53 /* LoanManagerDelegate.swift in Sources */ = {isa = PBXBuildFile; fileRef = C7ABFEB91992196C0016BA53 /* LoanManagerDelegate.swift */; };
		C7ABFEBC19943E7B0016BA53 /* LatestLoans_TVC.swift in Sources */ = {isa = PBXBuildFile; fileRef = C7ABFEBB19943E7B0016BA53 /* LatestLoans_TVC.swift */; };
		C7ADF73419F71633008B3E8D /* AboutKivaBrowser.swift in Sources */ = {isa = PBXBuildFile; fileRef = C7ADF73319F71633008B3E8D /* AboutKivaBrowser.swift */; };
		C7ADF73719F7170C008B3E8D /* About.png in Resources */ = {isa = PBXBuildFile; fileRef = C7ADF73619F7170C008B3E8D /* About.png */; };
		C7B4D02819DFC5E90042C2F7 /* Team.swift in Sources */ = {isa = PBXBuildFile; fileRef = C7B4D02719DFC5E90042C2F7 /* Team.swift */; };
		C7B4D02B19DFCB0C0042C2F7 /* CreateTeam.swift in Sources */ = {isa = PBXBuildFile; fileRef = C7B4D02A19DFCB0C0042C2F7 /* CreateTeam.swift */; };
		C7B4D02D19E1FBA40042C2F7 /* TeamImage.swift in Sources */ = {isa = PBXBuildFile; fileRef = C7B4D02C19E1FBA40042C2F7 /* TeamImage.swift */; };
		C7B4D02F19E270780042C2F7 /* TeamCell.swift in Sources */ = {isa = PBXBuildFile; fileRef = C7B4D02E19E270780042C2F7 /* TeamCell.swift */; };
		C7B4D03319E3BE640042C2F7 /* BrowseTeamBy_TVC.swift in Sources */ = {isa = PBXBuildFile; fileRef = C7B4D03219E3BE640042C2F7 /* BrowseTeamBy_TVC.swift */; };
		C7B4D03719E600A90042C2F7 /* DetailedTeam_VC.swift in Sources */ = {isa = PBXBuildFile; fileRef = C7B4D03619E600A90042C2F7 /* DetailedTeam_VC.swift */; };
		C7B4D03919E887890042C2F7 /* TeamWebView.swift in Sources */ = {isa = PBXBuildFile; fileRef = C7B4D03819E887890042C2F7 /* TeamWebView.swift */; };
		C7B58FB019F1C1D9005CD06E /* LendingAction.swift in Sources */ = {isa = PBXBuildFile; fileRef = C7B58FAF19F1C1D9005CD06E /* LendingAction.swift */; };
		C7B58FB319F1C278005CD06E /* ImageFormat.swift in Sources */ = {isa = PBXBuildFile; fileRef = C7B58FB219F1C278005CD06E /* ImageFormat.swift */; };
		C7B58FB519F1DDFC005CD06E /* CreateLendingAction.swift in Sources */ = {isa = PBXBuildFile; fileRef = C7B58FB419F1DDFC005CD06E /* CreateLendingAction.swift */; };
		C7B58FB719F1E396005CD06E /* LendingAction_TVC.swift in Sources */ = {isa = PBXBuildFile; fileRef = C7B58FB619F1E396005CD06E /* LendingAction_TVC.swift */; };
		C7B58FBA19F23866005CD06E /* LendingActionCell.swift in Sources */ = {isa = PBXBuildFile; fileRef = C7B58FB919F23866005CD06E /* LendingActionCell.swift */; };
		C7B58FBE19F2F85E005CD06E /* KivaImage.swift in Sources */ = {isa = PBXBuildFile; fileRef = C7B58FBD19F2F85E005CD06E /* KivaImage.swift */; };
		C7E5F95819958D0D00566754 /* Paginator.swift in Sources */ = {isa = PBXBuildFile; fileRef = C7E5F95719958D0D00566754 /* Paginator.swift */; };
		C7E5F95B19A87C6C00566754 /* DetailedLoan.swift in Sources */ = {isa = PBXBuildFile; fileRef = C7E5F95A19A87C6C00566754 /* DetailedLoan.swift */; };
		C7E5F95E19A9C10300566754 /* CreateDetailedLoan.swift in Sources */ = {isa = PBXBuildFile; fileRef = C7E5F95D19A9C10300566754 /* CreateDetailedLoan.swift */; };
/* End PBXBuildFile section */

/* Begin PBXContainerItemProxy section */
		C71797D6198614200049D44C /* PBXContainerItemProxy */ = {
			isa = PBXContainerItemProxy;
			containerPortal = C71797BB198614200049D44C /* Project object */;
			proxyType = 1;
			remoteGlobalIDString = C71797C2198614200049D44C;
			remoteInfo = KivaBrowser;
		};
/* End PBXContainerItemProxy section */

/* Begin PBXFileReference section */
		C70E381319C7B55A00A6663A /* DetailedLoanVC.swift */ = {isa = PBXFileReference; fileEncoding = 4; lastKnownFileType = sourcecode.swift; path = DetailedLoanVC.swift; sourceTree = "<group>"; };
		C71797C3198614200049D44C /* KivaBrowser.app */ = {isa = PBXFileReference; explicitFileType = wrapper.application; includeInIndex = 0; path = KivaBrowser.app; sourceTree = BUILT_PRODUCTS_DIR; };
		C71797C7198614200049D44C /* Info.plist */ = {isa = PBXFileReference; lastKnownFileType = text.plist.xml; path = Info.plist; sourceTree = "<group>"; };
		C71797C8198614200049D44C /* AppDelegate.swift */ = {isa = PBXFileReference; lastKnownFileType = sourcecode.swift; path = AppDelegate.swift; sourceTree = "<group>"; };
		C71797CD198614200049D44C /* Base */ = {isa = PBXFileReference; lastKnownFileType = file.storyboard; name = Base; path = Base.lproj/Main.storyboard; sourceTree = "<group>"; };
		C71797CF198614200049D44C /* Images.xcassets */ = {isa = PBXFileReference; lastKnownFileType = folder.assetcatalog; path = Images.xcassets; sourceTree = "<group>"; };
		C71797D5198614200049D44C /* KivaBrowserTests.xctest */ = {isa = PBXFileReference; explicitFileType = wrapper.cfbundle; includeInIndex = 0; path = KivaBrowserTests.xctest; sourceTree = BUILT_PRODUCTS_DIR; };
		C71797DA198614200049D44C /* Info.plist */ = {isa = PBXFileReference; lastKnownFileType = text.plist.xml; path = Info.plist; sourceTree = "<group>"; };
		C71797DB198614200049D44C /* KivaBrowserTests.swift */ = {isa = PBXFileReference; lastKnownFileType = sourcecode.swift; path = KivaBrowserTests.swift; sourceTree = "<group>"; };
		C71797E91986260F0049D44C /* Loans_TVC.swift */ = {isa = PBXFileReference; fileEncoding = 4; lastKnownFileType = sourcecode.swift; path = Loans_TVC.swift; sourceTree = "<group>"; };
		C71797EB198630A00049D44C /* Loan.swift */ = {isa = PBXFileReference; fileEncoding = 4; lastKnownFileType = sourcecode.swift; path = Loan.swift; sourceTree = "<group>"; };
		C71797EE198788700049D44C /* CreateLoan.swift */ = {isa = PBXFileReference; fileEncoding = 4; lastKnownFileType = sourcecode.swift; path = CreateLoan.swift; sourceTree = "<group>"; };
		C71797F01989683E0049D44C /* LoanImage.swift */ = {isa = PBXFileReference; fileEncoding = 4; lastKnownFileType = sourcecode.swift; path = LoanImage.swift; sourceTree = "<group>"; };
		C71937FB19DE266900D1AA17 /* Teams_TVC.swift */ = {isa = PBXFileReference; fileEncoding = 4; lastKnownFileType = sourcecode.swift; path = Teams_TVC.swift; sourceTree = "<group>"; };
		C7245A4019EB94B200E2A7AB /* Teams.png */ = {isa = PBXFileReference; lastKnownFileType = image.png; path = Teams.png; sourceTree = "<group>"; };
		C7245A4219EBA2ED00E2A7AB /* Lenders.png */ = {isa = PBXFileReference; lastKnownFileType = image.png; path = Lenders.png; sourceTree = "<group>"; };
		C7245A4619EBA8D200E2A7AB /* Lender.swift */ = {isa = PBXFileReference; fileEncoding = 4; lastKnownFileType = sourcecode.swift; path = Lender.swift; sourceTree = "<group>"; };
		C7245A4919EC7E8700E2A7AB /* CreateLender.swift */ = {isa = PBXFileReference; fileEncoding = 4; lastKnownFileType = sourcecode.swift; path = CreateLender.swift; sourceTree = "<group>"; };
		C7245A4B19EC9AE100E2A7AB /* LenderImage.swift */ = {isa = PBXFileReference; fileEncoding = 4; lastKnownFileType = sourcecode.swift; path = LenderImage.swift; sourceTree = "<group>"; };
		C7245A4D19ECE05000E2A7AB /* Lenders_TVC.swift */ = {isa = PBXFileReference; fileEncoding = 4; lastKnownFileType = sourcecode.swift; path = Lenders_TVC.swift; sourceTree = "<group>"; };
		C7245A5019ECE49F00E2A7AB /* LenderCell.swift */ = {isa = PBXFileReference; fileEncoding = 4; lastKnownFileType = sourcecode.swift; path = LenderCell.swift; sourceTree = "<group>"; };
		C7245A5219ECE93500E2A7AB /* Loans.png */ = {isa = PBXFileReference; lastKnownFileType = image.png; path = Loans.png; sourceTree = "<group>"; };
		C7245A5419ECECA000E2A7AB /* DetailedLender_VC.swift */ = {isa = PBXFileReference; fileEncoding = 4; lastKnownFileType = sourcecode.swift; path = DetailedLender_VC.swift; sourceTree = "<group>"; };
		C7378F3319B7BC41009ACC71 /* Search_TVC.swift */ = {isa = PBXFileReference; fileEncoding = 4; lastKnownFileType = sourcecode.swift; path = Search_TVC.swift; sourceTree = "<group>"; };
		C7378F3519B90898009ACC71 /* CriteriaPicker.swift */ = {isa = PBXFileReference; fileEncoding = 4; lastKnownFileType = sourcecode.swift; path = CriteriaPicker.swift; sourceTree = "<group>"; };
		C7378F3719BA616D009ACC71 /* SearchResults_TVC.swift */ = {isa = PBXFileReference; fileEncoding = 4; lastKnownFileType = sourcecode.swift; path = SearchResults_TVC.swift; sourceTree = "<group>"; };
		C7378F3919BAE856009ACC71 /* Search.swift */ = {isa = PBXFileReference; fileEncoding = 4; lastKnownFileType = sourcecode.swift; path = Search.swift; sourceTree = "<group>"; };
		C76F771219B12B7700E98451 /* DetailedLoanImage.swift */ = {isa = PBXFileReference; fileEncoding = 4; lastKnownFileType = sourcecode.swift; path = DetailedLoanImage.swift; sourceTree = "<group>"; };
		C7A3F5E319F4E022005DFBF7 /* DetailLendingAction_VC.swift */ = {isa = PBXFileReference; fileEncoding = 4; lastKnownFileType = sourcecode.swift; path = DetailLendingAction_VC.swift; sourceTree = "<group>"; };
		C7ABFEAF1990342A0016BA53 /* LoanCell.swift */ = {isa = PBXFileReference; fileEncoding = 4; lastKnownFileType = sourcecode.swift; path = LoanCell.swift; sourceTree = "<group>"; };
		C7ABFEB11990A36D0016BA53 /* JsonDataFetcher.swift */ = {isa = PBXFileReference; fileEncoding = 4; lastKnownFileType = sourcecode.swift; path = JsonDataFetcher.swift; sourceTree = "<group>"; };
		C7ABFEB419919C340016BA53 /* JsonDataFetcherDelegate.swift */ = {isa = PBXFileReference; fileEncoding = 4; lastKnownFileType = sourcecode.swift; path = JsonDataFetcherDelegate.swift; sourceTree = "<group>"; };
		C7ABFEB61992131F0016BA53 /* LoanManager.swift */ = {isa = PBXFileReference; fileEncoding = 4; lastKnownFileType = sourcecode.swift; path = LoanManager.swift; sourceTree = "<group>"; };
		C7ABFEB91992196C0016BA53 /* LoanManagerDelegate.swift */ = {isa = PBXFileReference; fileEncoding = 4; lastKnownFileType = sourcecode.swift; path = LoanManagerDelegate.swift; sourceTree = "<group>"; };
		C7ABFEBB19943E7B0016BA53 /* LatestLoans_TVC.swift */ = {isa = PBXFileReference; fileEncoding = 4; lastKnownFileType = sourcecode.swift; path = LatestLoans_TVC.swift; sourceTree = "<group>"; };
		C7ADF73319F71633008B3E8D /* AboutKivaBrowser.swift */ = {isa = PBXFileReference; fileEncoding = 4; lastKnownFileType = sourcecode.swift; path = AboutKivaBrowser.swift; sourceTree = "<group>"; };
		C7ADF73619F7170C008B3E8D /* About.png */ = {isa = PBXFileReference; lastKnownFileType = image.png; path = About.png; sourceTree = "<group>"; };
		C7B4D02719DFC5E90042C2F7 /* Team.swift */ = {isa = PBXFileReference; fileEncoding = 4; lastKnownFileType = sourcecode.swift; path = Team.swift; sourceTree = "<group>"; };
		C7B4D02A19DFCB0C0042C2F7 /* CreateTeam.swift */ = {isa = PBXFileReference; fileEncoding = 4; lastKnownFileType = sourcecode.swift; path = CreateTeam.swift; sourceTree = "<group>"; };
		C7B4D02C19E1FBA40042C2F7 /* TeamImage.swift */ = {isa = PBXFileReference; fileEncoding = 4; lastKnownFileType = sourcecode.swift; path = TeamImage.swift; sourceTree = "<group>"; };
		C7B4D02E19E270780042C2F7 /* TeamCell.swift */ = {isa = PBXFileReference; fileEncoding = 4; lastKnownFileType = sourcecode.swift; path = TeamCell.swift; sourceTree = "<group>"; };
		C7B4D03219E3BE640042C2F7 /* BrowseTeamBy_TVC.swift */ = {isa = PBXFileReference; fileEncoding = 4; lastKnownFileType = sourcecode.swift; path = BrowseTeamBy_TVC.swift; sourceTree = "<group>"; };
		C7B4D03619E600A90042C2F7 /* DetailedTeam_VC.swift */ = {isa = PBXFileReference; fileEncoding = 4; lastKnownFileType = sourcecode.swift; path = DetailedTeam_VC.swift; sourceTree = "<group>"; };
		C7B4D03819E887890042C2F7 /* TeamWebView.swift */ = {isa = PBXFileReference; fileEncoding = 4; lastKnownFileType = sourcecode.swift; path = TeamWebView.swift; sourceTree = "<group>"; };
		C7B58FAF19F1C1D9005CD06E /* LendingAction.swift */ = {isa = PBXFileReference; fileEncoding = 4; lastKnownFileType = sourcecode.swift; path = LendingAction.swift; sourceTree = "<group>"; };
		C7B58FB219F1C278005CD06E /* ImageFormat.swift */ = {isa = PBXFileReference; fileEncoding = 4; lastKnownFileType = sourcecode.swift; path = ImageFormat.swift; sourceTree = "<group>"; };
		C7B58FB419F1DDFC005CD06E /* CreateLendingAction.swift */ = {isa = PBXFileReference; fileEncoding = 4; lastKnownFileType = sourcecode.swift; path = CreateLendingAction.swift; sourceTree = "<group>"; };
		C7B58FB619F1E396005CD06E /* LendingAction_TVC.swift */ = {isa = PBXFileReference; fileEncoding = 4; lastKnownFileType = sourcecode.swift; path = LendingAction_TVC.swift; sourceTree = "<group>"; };
		C7B58FB919F23866005CD06E /* LendingActionCell.swift */ = {isa = PBXFileReference; fileEncoding = 4; lastKnownFileType = sourcecode.swift; path = LendingActionCell.swift; sourceTree = "<group>"; };
		C7B58FBD19F2F85E005CD06E /* KivaImage.swift */ = {isa = PBXFileReference; fileEncoding = 4; lastKnownFileType = sourcecode.swift; path = KivaImage.swift; sourceTree = "<group>"; };
		C7E5F95719958D0D00566754 /* Paginator.swift */ = {isa = PBXFileReference; fileEncoding = 4; lastKnownFileType = sourcecode.swift; path = Paginator.swift; sourceTree = "<group>"; };
		C7E5F95A19A87C6C00566754 /* DetailedLoan.swift */ = {isa = PBXFileReference; fileEncoding = 4; lastKnownFileType = sourcecode.swift; path = DetailedLoan.swift; sourceTree = "<group>"; };
		C7E5F95D19A9C10300566754 /* CreateDetailedLoan.swift */ = {isa = PBXFileReference; fileEncoding = 4; lastKnownFileType = sourcecode.swift; path = CreateDetailedLoan.swift; sourceTree = "<group>"; };
/* End PBXFileReference section */

/* Begin PBXFrameworksBuildPhase section */
		C71797C0198614200049D44C /* Frameworks */ = {
			isa = PBXFrameworksBuildPhase;
			buildActionMask = 2147483647;
			files = (
			);
			runOnlyForDeploymentPostprocessing = 0;
		};
		C71797D2198614200049D44C /* Frameworks */ = {
			isa = PBXFrameworksBuildPhase;
			buildActionMask = 2147483647;
			files = (
			);
			runOnlyForDeploymentPostprocessing = 0;
		};
/* End PBXFrameworksBuildPhase section */

/* Begin PBXGroup section */
		C71797BA198614200049D44C = {
			isa = PBXGroup;
			children = (
				C71797C5198614200049D44C /* KivaBrowser */,
				C71797D8198614200049D44C /* KivaBrowserTests */,
				C71797C4198614200049D44C /* Products */,
			);
			sourceTree = "<group>";
		};
		C71797C4198614200049D44C /* Products */ = {
			isa = PBXGroup;
			children = (
				C71797C3198614200049D44C /* KivaBrowser.app */,
				C71797D5198614200049D44C /* KivaBrowserTests.xctest */,
			);
			name = Products;
			sourceTree = "<group>";
		};
		C71797C5198614200049D44C /* KivaBrowser */ = {
			isa = PBXGroup;
			children = (
				C71797CC198614200049D44C /* Main.storyboard */,
				C7ADF73519F71655008B3E8D /* About */,
				C7B58FB219F1C278005CD06E /* ImageFormat.swift */,
				C7B58FBD19F2F85E005CD06E /* KivaImage.swift */,
				C7B58FB819F1E3A5005CD06E /* LendingAction_TVC */,
				C7B4D03419E3BF3B0042C2F7 /* Loans_TVC */,
				C7B4D03519E3BF4B0042C2F7 /* Teams_TVC */,
				C7245A4F19ECE06200E2A7AB /* Lenders_TVC */,
				C71797ED198630CB0049D44C /* Loan */,
				C7E5F95C19A87C7700566754 /* DetailedLoan */,
				C7B58FB119F1C215005CD06E /* LendingAction */,
				C7B4D02919DFC5FE0042C2F7 /* Team */,
				C7245A4819EBA8F200E2A7AB /* Lender */,
				C7ABFEB8199213370016BA53 /* LoanManager */,
				C7ABFEB31990A3AB0016BA53 /* JsonDataFetcher */,
				C7E5F95919958D1C00566754 /* Paginator */,
				C71797C6198614200049D44C /* Supporting Files */,
			);
			path = KivaBrowser;
			sourceTree = "<group>";
		};
		C71797C6198614200049D44C /* Supporting Files */ = {
			isa = PBXGroup;
			children = (
				C71797CF198614200049D44C /* Images.xcassets */,
				C71797C8198614200049D44C /* AppDelegate.swift */,
				C71797C7198614200049D44C /* Info.plist */,
			);
			name = "Supporting Files";
			sourceTree = "<group>";
		};
		C71797D8198614200049D44C /* KivaBrowserTests */ = {
			isa = PBXGroup;
			children = (
				C71797DB198614200049D44C /* KivaBrowserTests.swift */,
				C71797D9198614200049D44C /* Supporting Files */,
			);
			path = KivaBrowserTests;
			sourceTree = "<group>";
		};
		C71797D9198614200049D44C /* Supporting Files */ = {
			isa = PBXGroup;
			children = (
				C71797DA198614200049D44C /* Info.plist */,
			);
			name = "Supporting Files";
			sourceTree = "<group>";
		};
		C71797ED198630CB0049D44C /* Loan */ = {
			isa = PBXGroup;
			children = (
				C71797EB198630A00049D44C /* Loan.swift */,
				C71797EE198788700049D44C /* CreateLoan.swift */,
				C71797F01989683E0049D44C /* LoanImage.swift */,
			);
			name = Loan;
			sourceTree = "<group>";
		};
		C7245A4819EBA8F200E2A7AB /* Lender */ = {
			isa = PBXGroup;
			children = (
				C7245A4619EBA8D200E2A7AB /* Lender.swift */,
				C7245A4919EC7E8700E2A7AB /* CreateLender.swift */,
				C7245A4B19EC9AE100E2A7AB /* LenderImage.swift */,
			);
			name = Lender;
			sourceTree = "<group>";
		};
		C7245A4F19ECE06200E2A7AB /* Lenders_TVC */ = {
			isa = PBXGroup;
			children = (
				C7245A4219EBA2ED00E2A7AB /* Lenders.png */,
				C7245A4D19ECE05000E2A7AB /* Lenders_TVC.swift */,
				C7245A5019ECE49F00E2A7AB /* LenderCell.swift */,
				C7245A5419ECECA000E2A7AB /* DetailedLender_VC.swift */,
			);
			name = Lenders_TVC;
			sourceTree = "<group>";
		};
		C7ABFEB31990A3AB0016BA53 /* JsonDataFetcher */ = {
			isa = PBXGroup;
			children = (
				C7ABFEB11990A36D0016BA53 /* JsonDataFetcher.swift */,
				C7ABFEB419919C340016BA53 /* JsonDataFetcherDelegate.swift */,
			);
			name = JsonDataFetcher;
			sourceTree = "<group>";
		};
		C7ABFEB8199213370016BA53 /* LoanManager */ = {
			isa = PBXGroup;
			children = (
				C7ABFEB61992131F0016BA53 /* LoanManager.swift */,
				C7ABFEB91992196C0016BA53 /* LoanManagerDelegate.swift */,
			);
			name = LoanManager;
			sourceTree = "<group>";
		};
		C7ADF73519F71655008B3E8D /* About */ = {
			isa = PBXGroup;
			children = (
				C7ADF73619F7170C008B3E8D /* About.png */,
				C7ADF73319F71633008B3E8D /* AboutKivaBrowser.swift */,
			);
			name = About;
			sourceTree = "<group>";
		};
		C7B4D02919DFC5FE0042C2F7 /* Team */ = {
			isa = PBXGroup;
			children = (
				C7B4D02719DFC5E90042C2F7 /* Team.swift */,
				C7B4D02A19DFCB0C0042C2F7 /* CreateTeam.swift */,
				C7B4D02C19E1FBA40042C2F7 /* TeamImage.swift */,
			);
			name = Team;
			sourceTree = "<group>";
		};
		C7B4D03419E3BF3B0042C2F7 /* Loans_TVC */ = {
			isa = PBXGroup;
			children = (
				C7245A5219ECE93500E2A7AB /* Loans.png */,
				C71797E91986260F0049D44C /* Loans_TVC.swift */,
				C7ABFEBB19943E7B0016BA53 /* LatestLoans_TVC.swift */,
				C70E381319C7B55A00A6663A /* DetailedLoanVC.swift */,
				C7ABFEAF1990342A0016BA53 /* LoanCell.swift */,
				C7378F3319B7BC41009ACC71 /* Search_TVC.swift */,
				C7378F3519B90898009ACC71 /* CriteriaPicker.swift */,
				C7378F3719BA616D009ACC71 /* SearchResults_TVC.swift */,
				C7378F3919BAE856009ACC71 /* Search.swift */,
			);
			name = Loans_TVC;
			sourceTree = "<group>";
		};
		C7B4D03519E3BF4B0042C2F7 /* Teams_TVC */ = {
			isa = PBXGroup;
			children = (
				C7245A4019EB94B200E2A7AB /* Teams.png */,
				C71937FB19DE266900D1AA17 /* Teams_TVC.swift */,
				C7B4D03219E3BE640042C2F7 /* BrowseTeamBy_TVC.swift */,
				C7B4D02E19E270780042C2F7 /* TeamCell.swift */,
				C7B4D03619E600A90042C2F7 /* DetailedTeam_VC.swift */,
				C7B4D03819E887890042C2F7 /* TeamWebView.swift */,
			);
			name = Teams_TVC;
			sourceTree = "<group>";
		};
		C7B58FB119F1C215005CD06E /* LendingAction */ = {
			isa = PBXGroup;
			children = (
				C7B58FAF19F1C1D9005CD06E /* LendingAction.swift */,
				C7B58FB419F1DDFC005CD06E /* CreateLendingAction.swift */,
			);
			name = LendingAction;
			sourceTree = "<group>";
		};
		C7B58FB819F1E3A5005CD06E /* LendingAction_TVC */ = {
			isa = PBXGroup;
			children = (
				C7B58FB619F1E396005CD06E /* LendingAction_TVC.swift */,
				C7B58FB919F23866005CD06E /* LendingActionCell.swift */,
				C7A3F5E319F4E022005DFBF7 /* DetailLendingAction_VC.swift */,
			);
			name = LendingAction_TVC;
			sourceTree = "<group>";
		};
		C7E5F95919958D1C00566754 /* Paginator */ = {
			isa = PBXGroup;
			children = (
				C7E5F95719958D0D00566754 /* Paginator.swift */,
			);
			name = Paginator;
			sourceTree = "<group>";
		};
		C7E5F95C19A87C7700566754 /* DetailedLoan */ = {
			isa = PBXGroup;
			children = (
				C7E5F95A19A87C6C00566754 /* DetailedLoan.swift */,
				C7E5F95D19A9C10300566754 /* CreateDetailedLoan.swift */,
				C76F771219B12B7700E98451 /* DetailedLoanImage.swift */,
			);
			name = DetailedLoan;
			sourceTree = "<group>";
		};
/* End PBXGroup section */

/* Begin PBXNativeTarget section */
		C71797C2198614200049D44C /* KivaBrowser */ = {
			isa = PBXNativeTarget;
			buildConfigurationList = C71797DF198614200049D44C /* Build configuration list for PBXNativeTarget "KivaBrowser" */;
			buildPhases = (
				C71797BF198614200049D44C /* Sources */,
				C71797C0198614200049D44C /* Frameworks */,
				C71797C1198614200049D44C /* Resources */,
			);
			buildRules = (
			);
			dependencies = (
			);
			name = KivaBrowser;
			productName = KivaBrowser;
			productReference = C71797C3198614200049D44C /* KivaBrowser.app */;
			productType = "com.apple.product-type.application";
		};
		C71797D4198614200049D44C /* KivaBrowserTests */ = {
			isa = PBXNativeTarget;
			buildConfigurationList = C71797E2198614200049D44C /* Build configuration list for PBXNativeTarget "KivaBrowserTests" */;
			buildPhases = (
				C71797D1198614200049D44C /* Sources */,
				C71797D2198614200049D44C /* Frameworks */,
				C71797D3198614200049D44C /* Resources */,
			);
			buildRules = (
			);
			dependencies = (
				C71797D7198614200049D44C /* PBXTargetDependency */,
			);
			name = KivaBrowserTests;
			productName = KivaBrowserTests;
			productReference = C71797D5198614200049D44C /* KivaBrowserTests.xctest */;
			productType = "com.apple.product-type.bundle.unit-test";
		};
/* End PBXNativeTarget section */

/* Begin PBXProject section */
		C71797BB198614200049D44C /* Project object */ = {
			isa = PBXProject;
			attributes = {
				LastUpgradeCheck = 0600;
				ORGANIZATIONNAME = "wanming zhang";
				TargetAttributes = {
					C71797C2198614200049D44C = {
						CreatedOnToolsVersion = 6.0;
					};
					C71797D4198614200049D44C = {
						CreatedOnToolsVersion = 6.0;
						TestTargetID = C71797C2198614200049D44C;
					};
				};
			};
			buildConfigurationList = C71797BE198614200049D44C /* Build configuration list for PBXProject "KivaBrowser" */;
			compatibilityVersion = "Xcode 3.2";
			developmentRegion = English;
			hasScannedForEncodings = 0;
			knownRegions = (
				en,
				Base,
			);
			mainGroup = C71797BA198614200049D44C;
			productRefGroup = C71797C4198614200049D44C /* Products */;
			projectDirPath = "";
			projectRoot = "";
			targets = (
				C71797C2198614200049D44C /* KivaBrowser */,
				C71797D4198614200049D44C /* KivaBrowserTests */,
			);
		};
/* End PBXProject section */

/* Begin PBXResourcesBuildPhase section */
		C71797C1198614200049D44C /* Resources */ = {
			isa = PBXResourcesBuildPhase;
			buildActionMask = 2147483647;
			files = (
				C7245A4119EB94B200E2A7AB /* Teams.png in Resources */,
				C7245A4319EBA2ED00E2A7AB /* Lenders.png in Resources */,
				C71797CE198614200049D44C /* Main.storyboard in Resources */,
				C7245A5319ECE93500E2A7AB /* Loans.png in Resources */,
				C71797D0198614200049D44C /* Images.xcassets in Resources */,
				C7ADF73719F7170C008B3E8D /* About.png in Resources */,
			);
			runOnlyForDeploymentPostprocessing = 0;
		};
		C71797D3198614200049D44C /* Resources */ = {
			isa = PBXResourcesBuildPhase;
			buildActionMask = 2147483647;
			files = (
			);
			runOnlyForDeploymentPostprocessing = 0;
		};
/* End PBXResourcesBuildPhase section */

/* Begin PBXSourcesBuildPhase section */
		C71797BF198614200049D44C /* Sources */ = {
			isa = PBXSourcesBuildPhase;
			buildActionMask = 2147483647;
			files = (
				C7B4D03919E887890042C2F7 /* TeamWebView.swift in Sources */,
				C7B58FB719F1E396005CD06E /* LendingAction_TVC.swift in Sources */,
				C7E5F95B19A87C6C00566754 /* DetailedLoan.swift in Sources */,
				C7245A5519ECECA000E2A7AB /* DetailedLender_VC.swift in Sources */,
				C7B58FB019F1C1D9005CD06E /* LendingAction.swift in Sources */,
				C7ABFEBA1992196C0016BA53 /* LoanManagerDelegate.swift in Sources */,
				C7378F3419B7BC41009ACC71 /* Search_TVC.swift in Sources */,
				C7ABFEB519919C340016BA53 /* JsonDataFetcherDelegate.swift in Sources */,
				C7245A4E19ECE05000E2A7AB /* Lenders_TVC.swift in Sources */,
				C7E5F95E19A9C10300566754 /* CreateDetailedLoan.swift in Sources */,
				C7B58FBE19F2F85E005CD06E /* KivaImage.swift in Sources */,
				C71797C9198614200049D44C /* AppDelegate.swift in Sources */,
				C7ABFEBC19943E7B0016BA53 /* LatestLoans_TVC.swift in Sources */,
				C7245A4C19EC9AE100E2A7AB /* LenderImage.swift in Sources */,
				C71797EF198788700049D44C /* CreateLoan.swift in Sources */,
				C7B4D02819DFC5E90042C2F7 /* Team.swift in Sources */,
				C7B4D03719E600A90042C2F7 /* DetailedTeam_VC.swift in Sources */,
				C7ADF73419F71633008B3E8D /* AboutKivaBrowser.swift in Sources */,
				C71797F11989683E0049D44C /* LoanImage.swift in Sources */,
				C7A3F5E419F4E022005DFBF7 /* DetailLendingAction_VC.swift in Sources */,
				C7ABFEB01990342A0016BA53 /* LoanCell.swift in Sources */,
				C7B4D03319E3BE640042C2F7 /* BrowseTeamBy_TVC.swift in Sources */,
				C7ABFEB71992131F0016BA53 /* LoanManager.swift in Sources */,
				C7B4D02F19E270780042C2F7 /* TeamCell.swift in Sources */,
				C7B4D02D19E1FBA40042C2F7 /* TeamImage.swift in Sources */,
				C7B58FB519F1DDFC005CD06E /* CreateLendingAction.swift in Sources */,
				C71797EC198630A00049D44C /* Loan.swift in Sources */,
				C76F771319B12B7700E98451 /* DetailedLoanImage.swift in Sources */,
				C7378F3819BA616D009ACC71 /* SearchResults_TVC.swift in Sources */,
				C7B58FBA19F23866005CD06E /* LendingActionCell.swift in Sources */,
				C7B58FB319F1C278005CD06E /* ImageFormat.swift in Sources */,
				C71797EA1986260F0049D44C /* Loans_TVC.swift in Sources */,
				C7245A4719EBA8D200E2A7AB /* Lender.swift in Sources */,
				C71937FC19DE266900D1AA17 /* Teams_TVC.swift in Sources */,
				C7245A4A19EC7E8700E2A7AB /* CreateLender.swift in Sources */,
				C7ABFEB21990A36D0016BA53 /* JsonDataFetcher.swift in Sources */,
				C7B4D02B19DFCB0C0042C2F7 /* CreateTeam.swift in Sources */,
				C7378F3A19BAE856009ACC71 /* Search.swift in Sources */,
				C7245A5119ECE49F00E2A7AB /* LenderCell.swift in Sources */,
				C7378F3619B90898009ACC71 /* CriteriaPicker.swift in Sources */,
				C70E381419C7B55A00A6663A /* DetailedLoanVC.swift in Sources */,
				C7E5F95819958D0D00566754 /* Paginator.swift in Sources */,
			);
			runOnlyForDeploymentPostprocessing = 0;
		};
		C71797D1198614200049D44C /* Sources */ = {
			isa = PBXSourcesBuildPhase;
			buildActionMask = 2147483647;
			files = (
				C71797DC198614200049D44C /* KivaBrowserTests.swift in Sources */,
			);
			runOnlyForDeploymentPostprocessing = 0;
		};
/* End PBXSourcesBuildPhase section */

/* Begin PBXTargetDependency section */
		C71797D7198614200049D44C /* PBXTargetDependency */ = {
			isa = PBXTargetDependency;
			target = C71797C2198614200049D44C /* KivaBrowser */;
			targetProxy = C71797D6198614200049D44C /* PBXContainerItemProxy */;
		};
/* End PBXTargetDependency section */

/* Begin PBXVariantGroup section */
		C71797CC198614200049D44C /* Main.storyboard */ = {
			isa = PBXVariantGroup;
			children = (
				C71797CD198614200049D44C /* Base */,
			);
			name = Main.storyboard;
			sourceTree = "<group>";
		};
/* End PBXVariantGroup section */

/* Begin XCBuildConfiguration section */
		C71797DD198614200049D44C /* Debug */ = {
			isa = XCBuildConfiguration;
			buildSettings = {
				ALWAYS_SEARCH_USER_PATHS = NO;
				CLANG_CXX_LANGUAGE_STANDARD = "gnu++0x";
				CLANG_CXX_LIBRARY = "libc++";
				CLANG_ENABLE_MODULES = YES;
				CLANG_ENABLE_OBJC_ARC = YES;
				CLANG_WARN_BOOL_CONVERSION = YES;
				CLANG_WARN_CONSTANT_CONVERSION = YES;
				CLANG_WARN_DIRECT_OBJC_ISA_USAGE = YES_ERROR;
				CLANG_WARN_EMPTY_BODY = YES;
				CLANG_WARN_ENUM_CONVERSION = YES;
				CLANG_WARN_INT_CONVERSION = YES;
				CLANG_WARN_OBJC_ROOT_CLASS = YES_ERROR;
				CLANG_WARN_UNREACHABLE_CODE = YES;
				CLANG_WARN__DUPLICATE_METHOD_MATCH = YES;
				"CODE_SIGN_IDENTITY[sdk=iphoneos*]" = "iPhone Developer";
				COPY_PHASE_STRIP = NO;
				ENABLE_STRICT_OBJC_MSGSEND = YES;
				GCC_C_LANGUAGE_STANDARD = gnu99;
				GCC_DYNAMIC_NO_PIC = NO;
				GCC_OPTIMIZATION_LEVEL = 0;
				GCC_PREPROCESSOR_DEFINITIONS = (
					"DEBUG=1",
					"$(inherited)",
				);
				GCC_SYMBOLS_PRIVATE_EXTERN = NO;
				GCC_WARN_64_TO_32_BIT_CONVERSION = YES;
				GCC_WARN_ABOUT_RETURN_TYPE = YES_ERROR;
				GCC_WARN_UNDECLARED_SELECTOR = YES;
				GCC_WARN_UNINITIALIZED_AUTOS = YES_AGGRESSIVE;
				GCC_WARN_UNUSED_FUNCTION = YES;
				GCC_WARN_UNUSED_VARIABLE = YES;
				IPHONEOS_DEPLOYMENT_TARGET = 8.0;
				MTL_ENABLE_DEBUG_INFO = YES;
				ONLY_ACTIVE_ARCH = YES;
				SDKROOT = iphoneos;
				SWIFT_OPTIMIZATION_LEVEL = "-Onone";
			};
			name = Debug;
		};
		C71797DE198614200049D44C /* Release */ = {
			isa = XCBuildConfiguration;
			buildSettings = {
				ALWAYS_SEARCH_USER_PATHS = NO;
				CLANG_CXX_LANGUAGE_STANDARD = "gnu++0x";
				CLANG_CXX_LIBRARY = "libc++";
				CLANG_ENABLE_MODULES = YES;
				CLANG_ENABLE_OBJC_ARC = YES;
				CLANG_WARN_BOOL_CONVERSION = YES;
				CLANG_WARN_CONSTANT_CONVERSION = YES;
				CLANG_WARN_DIRECT_OBJC_ISA_USAGE = YES_ERROR;
				CLANG_WARN_EMPTY_BODY = YES;
				CLANG_WARN_ENUM_CONVERSION = YES;
				CLANG_WARN_INT_CONVERSION = YES;
				CLANG_WARN_OBJC_ROOT_CLASS = YES_ERROR;
				CLANG_WARN_UNREACHABLE_CODE = YES;
				CLANG_WARN__DUPLICATE_METHOD_MATCH = YES;
				"CODE_SIGN_IDENTITY[sdk=iphoneos*]" = "iPhone Developer";
				COPY_PHASE_STRIP = YES;
				ENABLE_NS_ASSERTIONS = NO;
				ENABLE_STRICT_OBJC_MSGSEND = YES;
				GCC_C_LANGUAGE_STANDARD = gnu99;
				GCC_WARN_64_TO_32_BIT_CONVERSION = YES;
				GCC_WARN_ABOUT_RETURN_TYPE = YES_ERROR;
				GCC_WARN_UNDECLARED_SELECTOR = YES;
				GCC_WARN_UNINITIALIZED_AUTOS = YES_AGGRESSIVE;
				GCC_WARN_UNUSED_FUNCTION = YES;
				GCC_WARN_UNUSED_VARIABLE = YES;
				IPHONEOS_DEPLOYMENT_TARGET = 8.0;
				MTL_ENABLE_DEBUG_INFO = NO;
				SDKROOT = iphoneos;
				VALIDATE_PRODUCT = YES;
			};
			name = Release;
		};
		C71797E0198614200049D44C /* Debug */ = {
			isa = XCBuildConfiguration;
			buildSettings = {
				ASSETCATALOG_COMPILER_APPICON_NAME = AppIcon;
				ASSETCATALOG_COMPILER_LAUNCHIMAGE_NAME = LaunchImage;
				CODE_SIGN_IDENTITY = "iPhone Developer";
				INFOPLIST_FILE = KivaBrowser/Info.plist;
				LD_RUNPATH_SEARCH_PATHS = "$(inherited) @executable_path/Frameworks";
				PRODUCT_NAME = "$(TARGET_NAME)";
			};
			name = Debug;
		};
		C71797E1198614200049D44C /* Release */ = {
			isa = XCBuildConfiguration;
			buildSettings = {
				ASSETCATALOG_COMPILER_APPICON_NAME = AppIcon;
				ASSETCATALOG_COMPILER_LAUNCHIMAGE_NAME = LaunchImage;
				CODE_SIGN_IDENTITY = "iPhone Developer";
				INFOPLIST_FILE = KivaBrowser/Info.plist;
				LD_RUNPATH_SEARCH_PATHS = "$(inherited) @executable_path/Frameworks";
				PRODUCT_NAME = "$(TARGET_NAME)";
			};
			name = Release;
		};
		C71797E3198614200049D44C /* Debug */ = {
			isa = XCBuildConfiguration;
			buildSettings = {
				BUNDLE_LOADER = "$(BUILT_PRODUCTS_DIR)/KivaBrowser.app/KivaBrowser";
				FRAMEWORK_SEARCH_PATHS = (
					"$(SDKROOT)/Developer/Library/Frameworks",
					"$(inherited)",
				);
				GCC_PREPROCESSOR_DEFINITIONS = (
					"DEBUG=1",
					"$(inherited)",
				);
				INFOPLIST_FILE = KivaBrowserTests/Info.plist;
				LD_RUNPATH_SEARCH_PATHS = "$(inherited) @executable_path/Frameworks @loader_path/Frameworks";
				PRODUCT_NAME = "$(TARGET_NAME)";
				TEST_HOST = "$(BUNDLE_LOADER)";
			};
			name = Debug;
		};
		C71797E4198614200049D44C /* Release */ = {
			isa = XCBuildConfiguration;
			buildSettings = {
				BUNDLE_LOADER = "$(BUILT_PRODUCTS_DIR)/KivaBrowser.app/KivaBrowser";
				FRAMEWORK_SEARCH_PATHS = (
					"$(SDKROOT)/Developer/Library/Frameworks",
					"$(inherited)",
				);
				INFOPLIST_FILE = KivaBrowserTests/Info.plist;
				LD_RUNPATH_SEARCH_PATHS = "$(inherited) @executable_path/Frameworks @loader_path/Frameworks";
				PRODUCT_NAME = "$(TARGET_NAME)";
				TEST_HOST = "$(BUNDLE_LOADER)";
			};
			name = Release;
		};
/* End XCBuildConfiguration section */

/* Begin XCConfigurationList section */
		C71797BE198614200049D44C /* Build configuration list for PBXProject "KivaBrowser" */ = {
			isa = XCConfigurationList;
			buildConfigurations = (
				C71797DD198614200049D44C /* Debug */,
				C71797DE198614200049D44C /* Release */,
			);
			defaultConfigurationIsVisible = 0;
			defaultConfigurationName = Release;
		};
		C71797DF198614200049D44C /* Build configuration list for PBXNativeTarget "KivaBrowser" */ = {
			isa = XCConfigurationList;
			buildConfigurations = (
				C71797E0198614200049D44C /* Debug */,
				C71797E1198614200049D44C /* Release */,
			);
			defaultConfigurationIsVisible = 0;
			defaultConfigurationName = Release;
		};
		C71797E2198614200049D44C /* Build configuration list for PBXNativeTarget "KivaBrowserTests" */ = {
			isa = XCConfigurationList;
			buildConfigurations = (
				C71797E3198614200049D44C /* Debug */,
				C71797E4198614200049D44C /* Release */,
			);
			defaultConfigurationIsVisible = 0;
			defaultConfigurationName = Release;
		};
/* End XCConfigurationList section */
	};
	rootObject = C71797BB198614200049D44C /* Project object */;
}
